// !$*UTF8*$!
{
	archiveVersion = 1;
	classes = {
	};
	objectVersion = 52;
	objects = {

/* Begin PBXBuildFile section */
		4052C4F31EFB4A740044E2FF /* MMETimerManagerFake.m in Sources */ = {isa = PBXBuildFile; fileRef = 4052C4F21EFB4A740044E2FF /* MMETimerManagerFake.m */; platformFilter = ios; };
		9C27F7782499C2740018E7A9 /* XCTest.framework in Frameworks */ = {isa = PBXBuildFile; fileRef = 9C794C85235505340027B9D4 /* XCTest.framework */; };
		9C27F7BF249AB7580018E7A9 /* MapboxMobileEvents.framework in Frameworks */ = {isa = PBXBuildFile; fileRef = 9C27F7B5249AB5550018E7A9 /* MapboxMobileEvents.framework */; };
		9C27F7C2249AB7680018E7A9 /* MapboxMobileEvents.framework in Frameworks */ = {isa = PBXBuildFile; fileRef = 9C27F7B5249AB5550018E7A9 /* MapboxMobileEvents.framework */; };
		9C27F7C5249AB7770018E7A9 /* MapboxMobileEvents.framework in Frameworks */ = {isa = PBXBuildFile; fileRef = 9C27F7B5249AB5550018E7A9 /* MapboxMobileEvents.framework */; };
		9C27F7D1249BF2920018E7A9 /* NSProcessInfoTests+SystemInfo.m in Sources */ = {isa = PBXBuildFile; fileRef = 9C27F7CD249BF2920018E7A9 /* NSProcessInfoTests+SystemInfo.m */; };
		9C3F931223512F1A00F99907 /* MMETestStub.m in Sources */ = {isa = PBXBuildFile; fileRef = 9C3F930E23512F1900F99907 /* MMETestStub.m */; platformFilter = ios; };
		9C3F931323512F1A00F99907 /* MMETestStub.m in Sources */ = {isa = PBXBuildFile; fileRef = 9C3F930E23512F1900F99907 /* MMETestStub.m */; platformFilter = ios; };
		9C3F931423512F1A00F99907 /* MMEServiceFixture.m in Sources */ = {isa = PBXBuildFile; fileRef = 9C3F931123512F1A00F99907 /* MMEServiceFixture.m */; platformFilter = ios; };
		9C3F931523512F1A00F99907 /* MMEServiceFixture.m in Sources */ = {isa = PBXBuildFile; fileRef = 9C3F931123512F1A00F99907 /* MMEServiceFixture.m */; platformFilter = ios; };
		9C3F934423512FD300F99907 /* config-10s-bso.json in Resources */ = {isa = PBXBuildFile; fileRef = 9C3F933523512FD200F99907 /* config-10s-bso.json */; };
		9C3F934523512FD300F99907 /* config-10000m-gfo.json in Resources */ = {isa = PBXBuildFile; fileRef = 9C3F933623512FD200F99907 /* config-10000m-gfo.json */; };
		9C3F934623512FD300F99907 /* config-null.json in Resources */ = {isa = PBXBuildFile; fileRef = 9C3F933723512FD200F99907 /* config-null.json */; };
		9C3F934723512FD300F99907 /* config-100s-bso.json in Resources */ = {isa = PBXBuildFile; fileRef = 9C3F933823512FD300F99907 /* config-100s-bso.json */; };
		9C3F934823512FD300F99907 /* config-type1-tto.json in Resources */ = {isa = PBXBuildFile; fileRef = 9C3F933923512FD300F99907 /* config-type1-tto.json */; };
		9C3F934923512FD300F99907 /* config-number-tag.json in Resources */ = {isa = PBXBuildFile; fileRef = 9C3F933A23512FD300F99907 /* config-number-tag.json */; };
		9C3F934A23512FD300F99907 /* config-all.json in Resources */ = {isa = PBXBuildFile; fileRef = 9C3F933B23512FD300F99907 /* config-all.json */; };
		9C3F934B23512FD300F99907 /* events-201.json in Resources */ = {isa = PBXBuildFile; fileRef = 9C3F933C23512FD300F99907 /* events-201.json */; };
		9C3F934C23512FD300F99907 /* config-type2-tto.json in Resources */ = {isa = PBXBuildFile; fileRef = 9C3F933D23512FD300F99907 /* config-type2-tto.json */; };
		9C3F934D23512FD300F99907 /* config-null-tag.json in Resources */ = {isa = PBXBuildFile; fileRef = 9C3F933E23512FD300F99907 /* config-null-tag.json */; };
		9C3F934E23512FD300F99907 /* config-1s-bso.json in Resources */ = {isa = PBXBuildFile; fileRef = 9C3F933F23512FD300F99907 /* config-1s-bso.json */; };
		9C3F934F23512FD300F99907 /* config-100m-gfo.json in Resources */ = {isa = PBXBuildFile; fileRef = 9C3F934023512FD300F99907 /* config-100m-gfo.json */; };
		9C3F935023512FD300F99907 /* config-all-wrong.json in Resources */ = {isa = PBXBuildFile; fileRef = 9C3F934123512FD300F99907 /* config-all-wrong.json */; };
		9C3F935123512FD300F99907 /* config-1000m-gfo.json in Resources */ = {isa = PBXBuildFile; fileRef = 9C3F934223512FD300F99907 /* config-1000m-gfo.json */; };
		9C3F935223512FD300F99907 /* config-test-tag.json in Resources */ = {isa = PBXBuildFile; fileRef = 9C3F934323512FD300F99907 /* config-test-tag.json */; };
		9C3F93552351300F00F99907 /* MMEExceptionalDictionary.m in Sources */ = {isa = PBXBuildFile; fileRef = 9C3F93532351300F00F99907 /* MMEExceptionalDictionary.m */; platformFilter = ios; };
		9C3F93562351300F00F99907 /* MMEExceptionalDictionary.m in Sources */ = {isa = PBXBuildFile; fileRef = 9C3F93532351300F00F99907 /* MMEExceptionalDictionary.m */; platformFilter = ios; };
		9C3F93582351317F00F99907 /* MMEAPIConfigTests.m in Sources */ = {isa = PBXBuildFile; fileRef = 9C3F93572351317F00F99907 /* MMEAPIConfigTests.m */; platformFilter = ios; };
		9C3F935B235138FD00F99907 /* MMETestDelegate.m in Sources */ = {isa = PBXBuildFile; fileRef = 9C3F9359235138FD00F99907 /* MMETestDelegate.m */; };
		9C65A2702256C110006E3FED /* Main.storyboard in Resources */ = {isa = PBXBuildFile; fileRef = 9C65A26E2256C110006E3FED /* Main.storyboard */; };
		9C65A2722256C112006E3FED /* Assets.xcassets in Resources */ = {isa = PBXBuildFile; fileRef = 9C65A2712256C112006E3FED /* Assets.xcassets */; };
		9C65A2752256C112006E3FED /* LaunchScreen.storyboard in Resources */ = {isa = PBXBuildFile; fileRef = 9C65A2732256C112006E3FED /* LaunchScreen.storyboard */; };
		9C794C86235505340027B9D4 /* XCTest.framework in Frameworks */ = {isa = PBXBuildFile; fileRef = 9C794C85235505340027B9D4 /* XCTest.framework */; platformFilter = ios; };
		9CDC34BB234FD36E00852FF0 /* NSUserDefaults+MMEConfigurationTests.m in Sources */ = {isa = PBXBuildFile; fileRef = 9CDC34BA234FD36E00852FF0 /* NSUserDefaults+MMEConfigurationTests.m */; platformFilter = ios; };
		9CDC34BE234FD62A00852FF0 /* MMEBundleInfoFake.m in Sources */ = {isa = PBXBuildFile; fileRef = 9CDC34BC234FD62A00852FF0 /* MMEBundleInfoFake.m */; platformFilter = ios; };
		9CDC34C923502F8700852FF0 /* MMEUniqueIdentifierFake.m in Sources */ = {isa = PBXBuildFile; fileRef = 40031E5D1EFC5CA1009EAB33 /* MMEUniqueIdentifierFake.m */; platformFilter = ios; };
		9CDC34CA23502F8700852FF0 /* MMELocationManagerTests.mm in Sources */ = {isa = PBXBuildFile; fileRef = ACB6F21D1F7BF71B0032A916 /* MMELocationManagerTests.mm */; platformFilter = ios; };
		9CDC34CC23502F8700852FF0 /* MMEMetricsManagerTests.mm in Sources */ = {isa = PBXBuildFile; fileRef = AC61FA08216BE7A0008519F5 /* MMEMetricsManagerTests.mm */; platformFilter = ios; };
		9CDC34CD23502F8700852FF0 /* MMEUIApplicationWrapperFake.m in Sources */ = {isa = PBXBuildFile; fileRef = 40AE58461EA6C9F10046B437 /* MMEUIApplicationWrapperFake.m */; platformFilter = ios; };
		9CDC34CE23502F8700852FF0 /* MMEDateTests.mm in Sources */ = {isa = PBXBuildFile; fileRef = 403834FE1F7AC55D004205B9 /* MMEDateTests.mm */; platformFilter = ios; };
		9CDC34CF23502F8700852FF0 /* MMEDateFakes.m in Sources */ = {isa = PBXBuildFile; fileRef = 9C65A2902267AF34006E3FED /* MMEDateFakes.m */; platformFilter = ios; };
		9CDC34D223502F8700852FF0 /* MMEBundleInfoFake.m in Sources */ = {isa = PBXBuildFile; fileRef = 9CDC34BC234FD62A00852FF0 /* MMEBundleInfoFake.m */; platformFilter = ios; };
		9CDC34D423502F8700852FF0 /* MMEAPIClientFake.m in Sources */ = {isa = PBXBuildFile; fileRef = 4036EFBA1ED36F06009C40BA /* MMEAPIClientFake.m */; platformFilter = ios; };
		9CDC34D623502F8700852FF0 /* MMEDispatchManagerFake.m in Sources */ = {isa = PBXBuildFile; fileRef = ACA65F392135C67E00537748 /* MMEDispatchManagerFake.m */; platformFilter = ios; };
		9CDC34D823502F8700852FF0 /* MMEEventsManagerTests.mm in Sources */ = {isa = PBXBuildFile; fileRef = 4002E6351F83155E0090D724 /* MMEEventsManagerTests.mm */; platformFilter = ios; };
		9CDC34D923502F8700852FF0 /* MMETimerManagerFake.m in Sources */ = {isa = PBXBuildFile; fileRef = 4052C4F21EFB4A740044E2FF /* MMETimerManagerFake.m */; platformFilter = ios; };
		9CDC34DA23502F8700852FF0 /* MMEEventTests.mm in Sources */ = {isa = PBXBuildFile; fileRef = 9C6D98A322371DA400679292 /* MMEEventTests.mm */; platformFilter = ios; };
		9CDC34DB23502F8700852FF0 /* MMEEventFake.m in Sources */ = {isa = PBXBuildFile; fileRef = AC956E0D23072F6700AC3D5B /* MMEEventFake.m */; platformFilter = ios; };
		9CDC34DC23502F8700852FF0 /* MMELocationManagerFake.m in Sources */ = {isa = PBXBuildFile; fileRef = 40F16C7D1F01DF5700DF338D /* MMELocationManagerFake.m */; platformFilter = ios; };
		9CDC34DD23502F8700852FF0 /* MMECrashTests.mm in Sources */ = {isa = PBXBuildFile; fileRef = 9C65A2C3227B971D006E3FED /* MMECrashTests.mm */; platformFilter = ios; };
		9CDC34DE23502F8700852FF0 /* MMENSURLSessionWrapperFake.m in Sources */ = {isa = PBXBuildFile; fileRef = 405172E41EB13C6D00F8CDA1 /* MMENSURLSessionWrapperFake.m */; platformFilter = ios; };
		9CDC34E023502F8700852FF0 /* MMEAPIClientTests.mm in Sources */ = {isa = PBXBuildFile; fileRef = ACD86D9F1F96A77700DD2A8D /* MMEAPIClientTests.mm */; platformFilter = ios; };
		9CDC34E123502F8700852FF0 /* MMEDependencyManagerTests.mm in Sources */ = {isa = PBXBuildFile; fileRef = 403835051F7AF860004205B9 /* MMEDependencyManagerTests.mm */; platformFilter = ios; };
		9CDC34E423502F8700852FF0 /* Cedar.framework in Frameworks */ = {isa = PBXBuildFile; fileRef = 40A7F9911F79A743002B931F /* Cedar.framework */; platformFilter = ios; };
		9CDC34F12350FD1E00852FF0 /* MMETimerManagerTests.m in Sources */ = {isa = PBXBuildFile; fileRef = 9CDC34F02350FD1E00852FF0 /* MMETimerManagerTests.m */; platformFilter = ios; };
		9CE132C42358EC25005E23F1 /* config-long-ago.json in Resources */ = {isa = PBXBuildFile; fileRef = 9CE132C32358EC25005E23F1 /* config-long-ago.json */; };
		9CE132C5235926B3005E23F1 /* MMECertPinTests.m in Sources */ = {isa = PBXBuildFile; fileRef = CF93A66222488A4500BBA199 /* MMECertPinTests.m */; };
		9CE132C72359296B005E23F1 /* config-crl.json in Resources */ = {isa = PBXBuildFile; fileRef = 9CE132C62359296A005E23F1 /* config-crl.json */; };
		9CE132CA235A5296005E23F1 /* MMERunningLock.m in Sources */ = {isa = PBXBuildFile; fileRef = 9CE132C9235A5296005E23F1 /* MMERunningLock.m */; };
		9CE132CB235A5296005E23F1 /* MMERunningLock.m in Sources */ = {isa = PBXBuildFile; fileRef = 9CE132C9235A5296005E23F1 /* MMERunningLock.m */; };
		9CF00039236FDD67009A2700 /* Cedar.framework in Frameworks */ = {isa = PBXBuildFile; fileRef = 40A7F9911F79A743002B931F /* Cedar.framework */; };
		9CF0003A236FDD6D009A2700 /* Cedar.framework in Embed Frameworks */ = {isa = PBXBuildFile; fileRef = 40A7F9911F79A743002B931F /* Cedar.framework */; settings = {ATTRIBUTES = (CodeSignOnCopy, RemoveHeadersOnCopy, ); }; };
		9CF000432370D7B2009A2700 /* NSString+MMEVersions_Tests.m in Sources */ = {isa = PBXBuildFile; fileRef = 9CF000422370D7B2009A2700 /* NSString+MMEVersions_Tests.m */; };
		AC03B2C423A851160043271D /* MMEUniqueIdentifierFake.m in Sources */ = {isa = PBXBuildFile; fileRef = 40031E5D1EFC5CA1009EAB33 /* MMEUniqueIdentifierFake.m */; };
		AC03B2C523A851410043271D /* MMEUIApplicationWrapperFake.m in Sources */ = {isa = PBXBuildFile; fileRef = 40AE58461EA6C9F10046B437 /* MMEUIApplicationWrapperFake.m */; };
		AC03B2C623AB05F00043271D /* MMENSURLSessionWrapperFake.m in Sources */ = {isa = PBXBuildFile; fileRef = 405172E41EB13C6D00F8CDA1 /* MMENSURLSessionWrapperFake.m */; };
		AC03B2C823AC477A0043271D /* MMEMetricsManagerTests.m in Sources */ = {isa = PBXBuildFile; fileRef = AC03B2C723AC477A0043271D /* MMEMetricsManagerTests.m */; };
		AC03B2CA23AD55A10043271D /* MMEEventTests.m in Sources */ = {isa = PBXBuildFile; fileRef = AC03B2C923AD55A10043271D /* MMEEventTests.m */; };
		AC03B2F423B1A74B0043271D /* MMEDateTests.m in Sources */ = {isa = PBXBuildFile; fileRef = AC03B2F323B1A74B0043271D /* MMEDateTests.m */; };
		AC03B2F623B1AEE60043271D /* MMEUniqueIdentifierTests.m in Sources */ = {isa = PBXBuildFile; fileRef = AC03B2F523B1AEE60043271D /* MMEUniqueIdentifierTests.m */; };
		AC69502D238E000C00D095EB /* MMELocationManagerTests.m in Sources */ = {isa = PBXBuildFile; fileRef = AC69502C238E000C00D095EB /* MMELocationManagerTests.m */; };
		ACAF8D27238DDED20033745A /* MMEAPIClientTests.m in Sources */ = {isa = PBXBuildFile; fileRef = ACAF8D26238DDED20033745A /* MMEAPIClientTests.m */; };
		ACBD2E5923709F920082F037 /* MMEEventsManagerTests.m in Sources */ = {isa = PBXBuildFile; fileRef = ACBD2E5823709F920082F037 /* MMEEventsManagerTests.m */; };
		ACD1B2B423889BC000C0F0B6 /* MMEAPIClientFake.m in Sources */ = {isa = PBXBuildFile; fileRef = 4036EFBA1ED36F06009C40BA /* MMEAPIClientFake.m */; };
		C15F6A51250270D100726D13 /* config-hao-negative.json in Resources */ = {isa = PBXBuildFile; fileRef = C15F6A4E250270D000726D13 /* config-hao-negative.json */; };
		C15F6A52250270D100726D13 /* config-hao-null.json in Resources */ = {isa = PBXBuildFile; fileRef = C15F6A4F250270D000726D13 /* config-hao-null.json */; };
		C15F6A53250270D100726D13 /* config-hao-10m.json in Resources */ = {isa = PBXBuildFile; fileRef = C15F6A50250270D000726D13 /* config-hao-10m.json */; };
		F44600C3249031A2003B297C /* MMEUIApplicationWrapper.m in Sources */ = {isa = PBXBuildFile; fileRef = F44600C2249031A2003B297C /* MMEUIApplicationWrapper.m */; };
/* End PBXBuildFile section */

/* Begin PBXContainerItemProxy section */
		9C27F77A2499C2900018E7A9 /* PBXContainerItemProxy */ = {
			isa = PBXContainerItemProxy;
			containerPortal = 404807B01EA186D8008A6D50 /* Project object */;
			proxyType = 1;
			remoteGlobalIDString = 9CDC34C223502F8700852FF0;
			remoteInfo = MMECedarTests;
		};
		9C27F77C2499C2900018E7A9 /* PBXContainerItemProxy */ = {
			isa = PBXContainerItemProxy;
			containerPortal = 404807B01EA186D8008A6D50 /* Project object */;
			proxyType = 1;
			remoteGlobalIDString = 404807C11EA186D8008A6D50;
			remoteInfo = MMEXCTests;
		};
		9C27F7B2249AB5550018E7A9 /* PBXContainerItemProxy */ = {
			isa = PBXContainerItemProxy;
			containerPortal = 9C27F7AB249AB5550018E7A9 /* MapboxMobileEvents.xcodeproj */;
			proxyType = 2;
			remoteGlobalIDString = 404807B91EA186D8008A6D50;
			remoteInfo = MapboxMobileEvents;
		};
		9C27F7B4249AB5550018E7A9 /* PBXContainerItemProxy */ = {
			isa = PBXContainerItemProxy;
			containerPortal = 9C27F7AB249AB5550018E7A9 /* MapboxMobileEvents.xcodeproj */;
			proxyType = 2;
			remoteGlobalIDString = 9C27F7682499B1F50018E7A9;
			remoteInfo = "MapboxMobileEvents (Development)";
		};
		9C27F7B6249AB5550018E7A9 /* PBXContainerItemProxy */ = {
			isa = PBXContainerItemProxy;
			containerPortal = 9C27F7AB249AB5550018E7A9 /* MapboxMobileEvents.xcodeproj */;
			proxyType = 2;
			remoteGlobalIDString = 408596531ED084C0003BD29D;
			remoteInfo = libMapboxMobileEvents;
		};
		9C27F7B9249AB74E0018E7A9 /* PBXContainerItemProxy */ = {
			isa = PBXContainerItemProxy;
			containerPortal = 9C27F7AB249AB5550018E7A9 /* MapboxMobileEvents.xcodeproj */;
			proxyType = 1;
			remoteGlobalIDString = 9C27F7272499B1F50018E7A9;
			remoteInfo = "MapboxMobileEvents (Development)";
		};
		9C27F7C0249AB7600018E7A9 /* PBXContainerItemProxy */ = {
			isa = PBXContainerItemProxy;
			containerPortal = 9C27F7AB249AB5550018E7A9 /* MapboxMobileEvents.xcodeproj */;
			proxyType = 1;
			remoteGlobalIDString = 9C27F7272499B1F50018E7A9;
			remoteInfo = "MapboxMobileEvents (Development)";
		};
		9C27F7C3249AB76F0018E7A9 /* PBXContainerItemProxy */ = {
			isa = PBXContainerItemProxy;
			containerPortal = 9C27F7AB249AB5550018E7A9 /* MapboxMobileEvents.xcodeproj */;
			proxyType = 1;
			remoteGlobalIDString = 9C27F7272499B1F50018E7A9;
			remoteInfo = "MapboxMobileEvents (Development)";
		};
/* End PBXContainerItemProxy section */

/* Begin PBXCopyFilesBuildPhase section */
		9C65A2832256C1CF006E3FED /* Embed Frameworks */ = {
			isa = PBXCopyFilesBuildPhase;
			buildActionMask = 2147483647;
			dstPath = "";
			dstSubfolderSpec = 10;
			files = (
				9CF0003A236FDD6D009A2700 /* Cedar.framework in Embed Frameworks */,
			);
			name = "Embed Frameworks";
			runOnlyForDeploymentPostprocessing = 0;
		};
		F44600A924902382003B297C /* Embed App Extensions */ = {
			isa = PBXCopyFilesBuildPhase;
			buildActionMask = 2147483647;
			dstPath = "";
			dstSubfolderSpec = 13;
			files = (
			);
			name = "Embed App Extensions";
			runOnlyForDeploymentPostprocessing = 0;
		};
/* End PBXCopyFilesBuildPhase section */

/* Begin PBXFileReference section */
		4002E6351F83155E0090D724 /* MMEEventsManagerTests.mm */ = {isa = PBXFileReference; lastKnownFileType = sourcecode.cpp.objcpp; path = MMEEventsManagerTests.mm; sourceTree = "<group>"; };
		40031E5C1EFC5CA1009EAB33 /* MMEUniqueIdentifierFake.h */ = {isa = PBXFileReference; lastKnownFileType = sourcecode.c.h; path = MMEUniqueIdentifierFake.h; sourceTree = "<group>"; };
		40031E5D1EFC5CA1009EAB33 /* MMEUniqueIdentifierFake.m */ = {isa = PBXFileReference; lastKnownFileType = sourcecode.c.objc; path = MMEUniqueIdentifierFake.m; sourceTree = "<group>"; };
		4036EFB91ED36F06009C40BA /* MMEAPIClientFake.h */ = {isa = PBXFileReference; fileEncoding = 4; lastKnownFileType = sourcecode.c.h; path = MMEAPIClientFake.h; sourceTree = "<group>"; };
		4036EFBA1ED36F06009C40BA /* MMEAPIClientFake.m */ = {isa = PBXFileReference; fileEncoding = 4; lastKnownFileType = sourcecode.c.objc; path = MMEAPIClientFake.m; sourceTree = "<group>"; };
		403834FE1F7AC55D004205B9 /* MMEDateTests.mm */ = {isa = PBXFileReference; lastKnownFileType = sourcecode.cpp.objcpp; path = MMEDateTests.mm; sourceTree = "<group>"; };
		403835051F7AF860004205B9 /* MMEDependencyManagerTests.mm */ = {isa = PBXFileReference; lastKnownFileType = sourcecode.cpp.objcpp; path = MMEDependencyManagerTests.mm; sourceTree = "<group>"; };
		404807C21EA186D8008A6D50 /* MMEXCTests.xctest */ = {isa = PBXFileReference; explicitFileType = wrapper.cfbundle; includeInIndex = 0; path = MMEXCTests.xctest; sourceTree = BUILT_PRODUCTS_DIR; };
		404807C91EA186D8008A6D50 /* MMECedarTests-Info.plist */ = {isa = PBXFileReference; lastKnownFileType = text.plist.xml; path = "MMECedarTests-Info.plist"; sourceTree = "<group>"; };
		405172E31EB13C6D00F8CDA1 /* MMENSURLSessionWrapperFake.h */ = {isa = PBXFileReference; fileEncoding = 4; lastKnownFileType = sourcecode.c.h; path = MMENSURLSessionWrapperFake.h; sourceTree = "<group>"; };
		405172E41EB13C6D00F8CDA1 /* MMENSURLSessionWrapperFake.m */ = {isa = PBXFileReference; fileEncoding = 4; lastKnownFileType = sourcecode.c.objc; path = MMENSURLSessionWrapperFake.m; sourceTree = "<group>"; };
		4052C4F11EFB4A740044E2FF /* MMETimerManagerFake.h */ = {isa = PBXFileReference; fileEncoding = 4; lastKnownFileType = sourcecode.c.h; path = MMETimerManagerFake.h; sourceTree = "<group>"; };
		4052C4F21EFB4A740044E2FF /* MMETimerManagerFake.m */ = {isa = PBXFileReference; fileEncoding = 4; lastKnownFileType = sourcecode.c.objc; path = MMETimerManagerFake.m; sourceTree = "<group>"; };
		40A7F9911F79A743002B931F /* Cedar.framework */ = {isa = PBXFileReference; lastKnownFileType = wrapper.framework; name = Cedar.framework; path = Carthage/Build/iOS/Cedar.framework; sourceTree = "<group>"; };
		40AE58451EA6C9F10046B437 /* MMEUIApplicationWrapperFake.h */ = {isa = PBXFileReference; fileEncoding = 4; lastKnownFileType = sourcecode.c.h; path = MMEUIApplicationWrapperFake.h; sourceTree = "<group>"; };
		40AE58461EA6C9F10046B437 /* MMEUIApplicationWrapperFake.m */ = {isa = PBXFileReference; fileEncoding = 4; lastKnownFileType = sourcecode.c.objc; path = MMEUIApplicationWrapperFake.m; sourceTree = "<group>"; };
		40F16C7C1F01DF5700DF338D /* MMELocationManagerFake.h */ = {isa = PBXFileReference; fileEncoding = 4; lastKnownFileType = sourcecode.c.h; path = MMELocationManagerFake.h; sourceTree = "<group>"; };
		40F16C7D1F01DF5700DF338D /* MMELocationManagerFake.m */ = {isa = PBXFileReference; fileEncoding = 4; lastKnownFileType = sourcecode.c.objc; path = MMELocationManagerFake.m; sourceTree = "<group>"; };
		40FB437F1EFAFDCF00EC5BC0 /* MMEXCTests-Info.plist */ = {isa = PBXFileReference; fileEncoding = 4; lastKnownFileType = text.plist.xml; path = "MMEXCTests-Info.plist"; sourceTree = "<group>"; };
		9C04D16525084F2F006DAFF2 /* readme.md */ = {isa = PBXFileReference; lastKnownFileType = net.daringfireball.markdown; path = readme.md; sourceTree = "<group>"; };
		9C27F7AB249AB5550018E7A9 /* MapboxMobileEvents.xcodeproj */ = {isa = PBXFileReference; lastKnownFileType = "wrapper.pb-project"; path = MapboxMobileEvents.xcodeproj; sourceTree = "<group>"; };
		9C27F7CD249BF2920018E7A9 /* NSProcessInfoTests+SystemInfo.m */ = {isa = PBXFileReference; fileEncoding = 4; lastKnownFileType = sourcecode.c.objc; path = "NSProcessInfoTests+SystemInfo.m"; sourceTree = "<group>"; };
		9C3F930E23512F1900F99907 /* MMETestStub.m */ = {isa = PBXFileReference; fileEncoding = 4; lastKnownFileType = sourcecode.c.objc; name = MMETestStub.m; path = Utilities/MMETestStub.m; sourceTree = "<group>"; };
		9C3F930F23512F1A00F99907 /* MMETestStub.h */ = {isa = PBXFileReference; fileEncoding = 4; lastKnownFileType = sourcecode.c.h; name = MMETestStub.h; path = Utilities/MMETestStub.h; sourceTree = "<group>"; };
		9C3F931023512F1A00F99907 /* MMEServiceFixture.h */ = {isa = PBXFileReference; fileEncoding = 4; lastKnownFileType = sourcecode.c.h; name = MMEServiceFixture.h; path = Utilities/MMEServiceFixture.h; sourceTree = "<group>"; };
		9C3F931123512F1A00F99907 /* MMEServiceFixture.m */ = {isa = PBXFileReference; fileEncoding = 4; lastKnownFileType = sourcecode.c.objc; name = MMEServiceFixture.m; path = Utilities/MMEServiceFixture.m; sourceTree = "<group>"; };
		9C3F933523512FD200F99907 /* config-10s-bso.json */ = {isa = PBXFileReference; fileEncoding = 4; lastKnownFileType = text.json; path = "config-10s-bso.json"; sourceTree = "<group>"; };
		9C3F933623512FD200F99907 /* config-10000m-gfo.json */ = {isa = PBXFileReference; fileEncoding = 4; lastKnownFileType = text.json; path = "config-10000m-gfo.json"; sourceTree = "<group>"; };
		9C3F933723512FD200F99907 /* config-null.json */ = {isa = PBXFileReference; fileEncoding = 4; lastKnownFileType = text.json; path = "config-null.json"; sourceTree = "<group>"; };
		9C3F933823512FD300F99907 /* config-100s-bso.json */ = {isa = PBXFileReference; fileEncoding = 4; lastKnownFileType = text.json; path = "config-100s-bso.json"; sourceTree = "<group>"; };
		9C3F933923512FD300F99907 /* config-type1-tto.json */ = {isa = PBXFileReference; fileEncoding = 4; lastKnownFileType = text.json; path = "config-type1-tto.json"; sourceTree = "<group>"; };
		9C3F933A23512FD300F99907 /* config-number-tag.json */ = {isa = PBXFileReference; fileEncoding = 4; lastKnownFileType = text.json; path = "config-number-tag.json"; sourceTree = "<group>"; };
		9C3F933B23512FD300F99907 /* config-all.json */ = {isa = PBXFileReference; fileEncoding = 4; lastKnownFileType = text.json; path = "config-all.json"; sourceTree = "<group>"; };
		9C3F933C23512FD300F99907 /* events-201.json */ = {isa = PBXFileReference; fileEncoding = 4; lastKnownFileType = text.json; path = "events-201.json"; sourceTree = "<group>"; };
		9C3F933D23512FD300F99907 /* config-type2-tto.json */ = {isa = PBXFileReference; fileEncoding = 4; lastKnownFileType = text.json; path = "config-type2-tto.json"; sourceTree = "<group>"; };
		9C3F933E23512FD300F99907 /* config-null-tag.json */ = {isa = PBXFileReference; fileEncoding = 4; lastKnownFileType = text.json; path = "config-null-tag.json"; sourceTree = "<group>"; };
		9C3F933F23512FD300F99907 /* config-1s-bso.json */ = {isa = PBXFileReference; fileEncoding = 4; lastKnownFileType = text.json; path = "config-1s-bso.json"; sourceTree = "<group>"; };
		9C3F934023512FD300F99907 /* config-100m-gfo.json */ = {isa = PBXFileReference; fileEncoding = 4; lastKnownFileType = text.json; path = "config-100m-gfo.json"; sourceTree = "<group>"; };
		9C3F934123512FD300F99907 /* config-all-wrong.json */ = {isa = PBXFileReference; fileEncoding = 4; lastKnownFileType = text.json; path = "config-all-wrong.json"; sourceTree = "<group>"; };
		9C3F934223512FD300F99907 /* config-1000m-gfo.json */ = {isa = PBXFileReference; fileEncoding = 4; lastKnownFileType = text.json; path = "config-1000m-gfo.json"; sourceTree = "<group>"; };
		9C3F934323512FD300F99907 /* config-test-tag.json */ = {isa = PBXFileReference; fileEncoding = 4; lastKnownFileType = text.json; path = "config-test-tag.json"; sourceTree = "<group>"; };
		9C3F93532351300F00F99907 /* MMEExceptionalDictionary.m */ = {isa = PBXFileReference; fileEncoding = 4; lastKnownFileType = sourcecode.c.objc; name = MMEExceptionalDictionary.m; path = Utilities/MMEExceptionalDictionary.m; sourceTree = "<group>"; };
		9C3F93542351300F00F99907 /* MMEExceptionalDictionary.h */ = {isa = PBXFileReference; fileEncoding = 4; lastKnownFileType = sourcecode.c.h; name = MMEExceptionalDictionary.h; path = Utilities/MMEExceptionalDictionary.h; sourceTree = "<group>"; };
		9C3F93572351317F00F99907 /* MMEAPIConfigTests.m */ = {isa = PBXFileReference; fileEncoding = 4; lastKnownFileType = sourcecode.c.objc; path = MMEAPIConfigTests.m; sourceTree = "<group>"; };
		9C3F9359235138FD00F99907 /* MMETestDelegate.m */ = {isa = PBXFileReference; fileEncoding = 4; lastKnownFileType = sourcecode.c.objc; path = MMETestDelegate.m; sourceTree = "<group>"; };
		9C3F935A235138FD00F99907 /* MMETestDelegate.h */ = {isa = PBXFileReference; fileEncoding = 4; lastKnownFileType = sourcecode.c.h; path = MMETestDelegate.h; sourceTree = "<group>"; };
		9C65A2662256C110006E3FED /* MMETestHost.app */ = {isa = PBXFileReference; explicitFileType = wrapper.application; includeInIndex = 0; path = MMETestHost.app; sourceTree = BUILT_PRODUCTS_DIR; };
		9C65A26F2256C110006E3FED /* Base */ = {isa = PBXFileReference; lastKnownFileType = file.storyboard; name = Base; path = Base.lproj/Main.storyboard; sourceTree = "<group>"; };
		9C65A2712256C112006E3FED /* Assets.xcassets */ = {isa = PBXFileReference; lastKnownFileType = folder.assetcatalog; path = Assets.xcassets; sourceTree = "<group>"; };
		9C65A2742256C112006E3FED /* Base */ = {isa = PBXFileReference; lastKnownFileType = file.storyboard; name = Base; path = Base.lproj/LaunchScreen.storyboard; sourceTree = "<group>"; };
		9C65A2762256C112006E3FED /* MMETestHost-Info.plist */ = {isa = PBXFileReference; lastKnownFileType = text.plist.xml; path = "MMETestHost-Info.plist"; sourceTree = "<group>"; };
		9C65A27C2256C175006E3FED /* MMETestHost.entitlements */ = {isa = PBXFileReference; lastKnownFileType = text.plist.entitlements; path = MMETestHost.entitlements; sourceTree = "<group>"; };
		9C65A28F2267AF34006E3FED /* MMEDateFakes.h */ = {isa = PBXFileReference; lastKnownFileType = sourcecode.c.h; path = MMEDateFakes.h; sourceTree = "<group>"; };
		9C65A2902267AF34006E3FED /* MMEDateFakes.m */ = {isa = PBXFileReference; lastKnownFileType = sourcecode.c.objc; path = MMEDateFakes.m; sourceTree = "<group>"; };
		9C65A2C3227B971D006E3FED /* MMECrashTests.mm */ = {isa = PBXFileReference; lastKnownFileType = sourcecode.cpp.objcpp; path = MMECrashTests.mm; sourceTree = "<group>"; };
		9C6D98A322371DA400679292 /* MMEEventTests.mm */ = {isa = PBXFileReference; fileEncoding = 4; lastKnownFileType = sourcecode.cpp.objcpp; path = MMEEventTests.mm; sourceTree = "<group>"; };
		9C794C85235505340027B9D4 /* XCTest.framework */ = {isa = PBXFileReference; lastKnownFileType = wrapper.framework; name = XCTest.framework; path = Platforms/iPhoneOS.platform/Developer/Library/Frameworks/XCTest.framework; sourceTree = DEVELOPER_DIR; };
		9CDC34BA234FD36E00852FF0 /* NSUserDefaults+MMEConfigurationTests.m */ = {isa = PBXFileReference; fileEncoding = 4; lastKnownFileType = sourcecode.c.objc; path = "NSUserDefaults+MMEConfigurationTests.m"; sourceTree = "<group>"; };
		9CDC34BC234FD62A00852FF0 /* MMEBundleInfoFake.m */ = {isa = PBXFileReference; fileEncoding = 4; lastKnownFileType = sourcecode.c.objc; path = MMEBundleInfoFake.m; sourceTree = "<group>"; };
		9CDC34BD234FD62A00852FF0 /* MMEBundleInfoFake.h */ = {isa = PBXFileReference; fileEncoding = 4; lastKnownFileType = sourcecode.c.h; path = MMEBundleInfoFake.h; sourceTree = "<group>"; };
		9CDC34ED23502F8700852FF0 /* MMECedarTests.xctest */ = {isa = PBXFileReference; explicitFileType = wrapper.cfbundle; includeInIndex = 0; path = MMECedarTests.xctest; sourceTree = BUILT_PRODUCTS_DIR; };
		9CDC34F02350FD1E00852FF0 /* MMETimerManagerTests.m */ = {isa = PBXFileReference; fileEncoding = 4; lastKnownFileType = sourcecode.c.objc; path = MMETimerManagerTests.m; sourceTree = "<group>"; };
		9CE132C32358EC25005E23F1 /* config-long-ago.json */ = {isa = PBXFileReference; lastKnownFileType = text.json; path = "config-long-ago.json"; sourceTree = "<group>"; };
		9CE132C62359296A005E23F1 /* config-crl.json */ = {isa = PBXFileReference; lastKnownFileType = text.json; path = "config-crl.json"; sourceTree = "<group>"; };
		9CE132C8235A5296005E23F1 /* MMERunningLock.h */ = {isa = PBXFileReference; lastKnownFileType = sourcecode.c.h; name = MMERunningLock.h; path = Utilities/MMERunningLock.h; sourceTree = "<group>"; };
		9CE132C9235A5296005E23F1 /* MMERunningLock.m */ = {isa = PBXFileReference; lastKnownFileType = sourcecode.c.objc; name = MMERunningLock.m; path = Utilities/MMERunningLock.m; sourceTree = "<group>"; };
		9CF000422370D7B2009A2700 /* NSString+MMEVersions_Tests.m */ = {isa = PBXFileReference; fileEncoding = 4; lastKnownFileType = sourcecode.c.objc; path = "NSString+MMEVersions_Tests.m"; sourceTree = "<group>"; };
		AC03B2C723AC477A0043271D /* MMEMetricsManagerTests.m */ = {isa = PBXFileReference; lastKnownFileType = sourcecode.c.objc; path = MMEMetricsManagerTests.m; sourceTree = "<group>"; };
		AC03B2C923AD55A10043271D /* MMEEventTests.m */ = {isa = PBXFileReference; lastKnownFileType = sourcecode.c.objc; path = MMEEventTests.m; sourceTree = "<group>"; };
		AC03B2F323B1A74B0043271D /* MMEDateTests.m */ = {isa = PBXFileReference; lastKnownFileType = sourcecode.c.objc; path = MMEDateTests.m; sourceTree = "<group>"; };
		AC03B2F523B1AEE60043271D /* MMEUniqueIdentifierTests.m */ = {isa = PBXFileReference; lastKnownFileType = sourcecode.c.objc; path = MMEUniqueIdentifierTests.m; sourceTree = "<group>"; };
		AC61FA08216BE7A0008519F5 /* MMEMetricsManagerTests.mm */ = {isa = PBXFileReference; fileEncoding = 4; lastKnownFileType = sourcecode.cpp.objcpp; path = MMEMetricsManagerTests.mm; sourceTree = "<group>"; };
		AC69502C238E000C00D095EB /* MMELocationManagerTests.m */ = {isa = PBXFileReference; lastKnownFileType = sourcecode.c.objc; path = MMELocationManagerTests.m; sourceTree = "<group>"; };
		AC956E0C23072F6700AC3D5B /* MMEEventFake.h */ = {isa = PBXFileReference; lastKnownFileType = sourcecode.c.h; path = MMEEventFake.h; sourceTree = "<group>"; };
		AC956E0D23072F6700AC3D5B /* MMEEventFake.m */ = {isa = PBXFileReference; lastKnownFileType = sourcecode.c.objc; path = MMEEventFake.m; sourceTree = "<group>"; };
		ACA65F392135C67E00537748 /* MMEDispatchManagerFake.m */ = {isa = PBXFileReference; fileEncoding = 4; lastKnownFileType = sourcecode.c.objc; path = MMEDispatchManagerFake.m; sourceTree = "<group>"; };
		ACA65F3A2135C67F00537748 /* MMEDispatchManagerFake.h */ = {isa = PBXFileReference; fileEncoding = 4; lastKnownFileType = sourcecode.c.h; path = MMEDispatchManagerFake.h; sourceTree = "<group>"; };
		ACAF8D26238DDED20033745A /* MMEAPIClientTests.m */ = {isa = PBXFileReference; lastKnownFileType = sourcecode.c.objc; path = MMEAPIClientTests.m; sourceTree = "<group>"; };
		ACB6F21D1F7BF71B0032A916 /* MMELocationManagerTests.mm */ = {isa = PBXFileReference; lastKnownFileType = sourcecode.cpp.objcpp; path = MMELocationManagerTests.mm; sourceTree = "<group>"; };
		ACBD2E5823709F920082F037 /* MMEEventsManagerTests.m */ = {isa = PBXFileReference; lastKnownFileType = sourcecode.c.objc; path = MMEEventsManagerTests.m; sourceTree = "<group>"; };
		ACD86D9F1F96A77700DD2A8D /* MMEAPIClientTests.mm */ = {isa = PBXFileReference; lastKnownFileType = sourcecode.cpp.objcpp; path = MMEAPIClientTests.mm; sourceTree = "<group>"; };
		C15F6A4E250270D000726D13 /* config-hao-negative.json */ = {isa = PBXFileReference; fileEncoding = 4; lastKnownFileType = text.json; path = "config-hao-negative.json"; sourceTree = "<group>"; };
		C15F6A4F250270D000726D13 /* config-hao-null.json */ = {isa = PBXFileReference; fileEncoding = 4; lastKnownFileType = text.json; path = "config-hao-null.json"; sourceTree = "<group>"; };
		C15F6A50250270D000726D13 /* config-hao-10m.json */ = {isa = PBXFileReference; fileEncoding = 4; lastKnownFileType = text.json; path = "config-hao-10m.json"; sourceTree = "<group>"; };
		CF93A66222488A4500BBA199 /* MMECertPinTests.m */ = {isa = PBXFileReference; explicitFileType = sourcecode.cpp.objcpp; path = MMECertPinTests.m; sourceTree = "<group>"; };
		F446009924902382003B297C /* NotificationCenter.framework */ = {isa = PBXFileReference; lastKnownFileType = wrapper.framework; name = NotificationCenter.framework; path = System/Library/Frameworks/NotificationCenter.framework; sourceTree = SDKROOT; };
		F44600C2249031A2003B297C /* MMEUIApplicationWrapper.m */ = {isa = PBXFileReference; lastKnownFileType = sourcecode.c.objc; path = MMEUIApplicationWrapper.m; sourceTree = "<group>"; };
/* End PBXFileReference section */

/* Begin PBXFrameworksBuildPhase section */
		404807BF1EA186D8008A6D50 /* Frameworks */ = {
			isa = PBXFrameworksBuildPhase;
			buildActionMask = 2147483647;
			files = (
				9C27F7C2249AB7680018E7A9 /* MapboxMobileEvents.framework in Frameworks */,
				9C794C86235505340027B9D4 /* XCTest.framework in Frameworks */,
			);
			runOnlyForDeploymentPostprocessing = 0;
		};
		9C65A2632256C110006E3FED /* Frameworks */ = {
			isa = PBXFrameworksBuildPhase;
			buildActionMask = 2147483647;
			files = (
				9C27F7BF249AB7580018E7A9 /* MapboxMobileEvents.framework in Frameworks */,
				9CF00039236FDD67009A2700 /* Cedar.framework in Frameworks */,
			);
			runOnlyForDeploymentPostprocessing = 0;
		};
		9CDC34E223502F8700852FF0 /* Frameworks */ = {
			isa = PBXFrameworksBuildPhase;
			buildActionMask = 2147483647;
			files = (
				9C27F7C5249AB7770018E7A9 /* MapboxMobileEvents.framework in Frameworks */,
				9C27F7782499C2740018E7A9 /* XCTest.framework in Frameworks */,
				9CDC34E423502F8700852FF0 /* Cedar.framework in Frameworks */,
			);
			runOnlyForDeploymentPostprocessing = 0;
		};
/* End PBXFrameworksBuildPhase section */

/* Begin PBXGroup section */
		4032F47C1F1FEDC6001C1FBD /* Frameworks */ = {
			isa = PBXGroup;
			children = (
				9C794C85235505340027B9D4 /* XCTest.framework */,
				40A7F9911F79A743002B931F /* Cedar.framework */,
				F446009924902382003B297C /* NotificationCenter.framework */,
			);
			name = Frameworks;
			sourceTree = "<group>";
		};
		404807AF1EA186D8008A6D50 = {
			isa = PBXGroup;
			children = (
				9C04D16525084F2F006DAFF2 /* readme.md */,
				9C27F7AB249AB5550018E7A9 /* MapboxMobileEvents.xcodeproj */,
				404807C61EA186D8008A6D50 /* Tests */,
				9C65A2672256C110006E3FED /* MMETestHost */,
				4032F47C1F1FEDC6001C1FBD /* Frameworks */,
				404807BA1EA186D8008A6D50 /* Products */,
			);
			sourceTree = "<group>";
		};
		404807BA1EA186D8008A6D50 /* Products */ = {
			isa = PBXGroup;
			children = (
				404807C21EA186D8008A6D50 /* MMEXCTests.xctest */,
				9C65A2662256C110006E3FED /* MMETestHost.app */,
				9CDC34ED23502F8700852FF0 /* MMECedarTests.xctest */,
			);
			name = Products;
			sourceTree = "<group>";
		};
		404807C61EA186D8008A6D50 /* Tests */ = {
			isa = PBXGroup;
			children = (
				9CDC34C123502F4A00852FF0 /* XCTest */,
				9CDC34C023502F3800852FF0 /* Cedar */,
				40C9E28B1EA5762F00744FE7 /* Fakes */,
				40AE58481EA80E5E0046B437 /* Utilities */,
				9C3F931623512F5D00F99907 /* Fixtures */,
			);
			path = Tests;
			sourceTree = "<group>";
		};
		40AE58481EA80E5E0046B437 /* Utilities */ = {
			isa = PBXGroup;
			children = (
				9C3F93542351300F00F99907 /* MMEExceptionalDictionary.h */,
				9C3F93532351300F00F99907 /* MMEExceptionalDictionary.m */,
				9CE132C8235A5296005E23F1 /* MMERunningLock.h */,
				9CE132C9235A5296005E23F1 /* MMERunningLock.m */,
				9C3F931023512F1A00F99907 /* MMEServiceFixture.h */,
				9C3F931123512F1A00F99907 /* MMEServiceFixture.m */,
				9C3F930F23512F1A00F99907 /* MMETestStub.h */,
				9C3F930E23512F1900F99907 /* MMETestStub.m */,
			);
			name = Utilities;
			sourceTree = "<group>";
		};
		40C9E28B1EA5762F00744FE7 /* Fakes */ = {
			isa = PBXGroup;
			children = (
				4036EFB91ED36F06009C40BA /* MMEAPIClientFake.h */,
				4036EFBA1ED36F06009C40BA /* MMEAPIClientFake.m */,
				9CDC34BD234FD62A00852FF0 /* MMEBundleInfoFake.h */,
				9CDC34BC234FD62A00852FF0 /* MMEBundleInfoFake.m */,
				9C65A28F2267AF34006E3FED /* MMEDateFakes.h */,
				9C65A2902267AF34006E3FED /* MMEDateFakes.m */,
				ACA65F3A2135C67F00537748 /* MMEDispatchManagerFake.h */,
				ACA65F392135C67E00537748 /* MMEDispatchManagerFake.m */,
				AC956E0C23072F6700AC3D5B /* MMEEventFake.h */,
				AC956E0D23072F6700AC3D5B /* MMEEventFake.m */,
				40F16C7C1F01DF5700DF338D /* MMELocationManagerFake.h */,
				40F16C7D1F01DF5700DF338D /* MMELocationManagerFake.m */,
				405172E31EB13C6D00F8CDA1 /* MMENSURLSessionWrapperFake.h */,
				405172E41EB13C6D00F8CDA1 /* MMENSURLSessionWrapperFake.m */,
				4052C4F11EFB4A740044E2FF /* MMETimerManagerFake.h */,
				4052C4F21EFB4A740044E2FF /* MMETimerManagerFake.m */,
				40AE58451EA6C9F10046B437 /* MMEUIApplicationWrapperFake.h */,
				40AE58461EA6C9F10046B437 /* MMEUIApplicationWrapperFake.m */,
				40031E5C1EFC5CA1009EAB33 /* MMEUniqueIdentifierFake.h */,
				40031E5D1EFC5CA1009EAB33 /* MMEUniqueIdentifierFake.m */,
			);
			path = Fakes;
			sourceTree = "<group>";
		};
		9C27F7AC249AB5550018E7A9 /* Products */ = {
			isa = PBXGroup;
			children = (
				9C27F7B3249AB5550018E7A9 /* MapboxMobileEvents.framework */,
				9C27F7B5249AB5550018E7A9 /* MapboxMobileEvents.framework */,
				9C27F7B7249AB5550018E7A9 /* libMapboxMobileEvents.a */,
			);
			name = Products;
			sourceTree = "<group>";
		};
		9C3F931623512F5D00F99907 /* Fixtures */ = {
			isa = PBXGroup;
			children = (
				9C3F933F23512FD300F99907 /* config-1s-bso.json */,
				9C3F933523512FD200F99907 /* config-10s-bso.json */,
				9C3F934023512FD300F99907 /* config-100m-gfo.json */,
				9C3F933823512FD300F99907 /* config-100s-bso.json */,
				9C3F934223512FD300F99907 /* config-1000m-gfo.json */,
				9C3F933623512FD200F99907 /* config-10000m-gfo.json */,
				C15F6A50250270D000726D13 /* config-hao-10m.json */,
				C15F6A4E250270D000726D13 /* config-hao-negative.json */,
				C15F6A4F250270D000726D13 /* config-hao-null.json */,
				9C3F934123512FD300F99907 /* config-all-wrong.json */,
				9C3F933B23512FD300F99907 /* config-all.json */,
				9C3F933E23512FD300F99907 /* config-null-tag.json */,
				9C3F933723512FD200F99907 /* config-null.json */,
				9C3F933A23512FD300F99907 /* config-number-tag.json */,
				9C3F934323512FD300F99907 /* config-test-tag.json */,
				9C3F933923512FD300F99907 /* config-type1-tto.json */,
				9C3F933D23512FD300F99907 /* config-type2-tto.json */,
				9C3F933C23512FD300F99907 /* events-201.json */,
				9CE132C32358EC25005E23F1 /* config-long-ago.json */,
				9CE132C62359296A005E23F1 /* config-crl.json */,
			);
			path = Fixtures;
			sourceTree = "<group>";
		};
		9C65A2672256C110006E3FED /* MMETestHost */ = {
			isa = PBXGroup;
			children = (
				9C65A2762256C112006E3FED /* MMETestHost-Info.plist */,
				9C3F935A235138FD00F99907 /* MMETestDelegate.h */,
				9C3F9359235138FD00F99907 /* MMETestDelegate.m */,
				9C65A27C2256C175006E3FED /* MMETestHost.entitlements */,
				9C65A2712256C112006E3FED /* Assets.xcassets */,
				9C65A2732256C112006E3FED /* LaunchScreen.storyboard */,
				9C65A26E2256C110006E3FED /* Main.storyboard */,
			);
			path = MMETestHost;
			sourceTree = "<group>";
		};
		9CDC34C023502F3800852FF0 /* Cedar */ = {
			isa = PBXGroup;
			children = (
				404807C91EA186D8008A6D50 /* MMECedarTests-Info.plist */,
				ACD86D9F1F96A77700DD2A8D /* MMEAPIClientTests.mm */,
				9C65A2C3227B971D006E3FED /* MMECrashTests.mm */,
				403834FE1F7AC55D004205B9 /* MMEDateTests.mm */,
				403835051F7AF860004205B9 /* MMEDependencyManagerTests.mm */,
				4002E6351F83155E0090D724 /* MMEEventsManagerTests.mm */,
				9C6D98A322371DA400679292 /* MMEEventTests.mm */,
				ACB6F21D1F7BF71B0032A916 /* MMELocationManagerTests.mm */,
				AC61FA08216BE7A0008519F5 /* MMEMetricsManagerTests.mm */,
			);
			name = Cedar;
			sourceTree = "<group>";
		};
		9CDC34C123502F4A00852FF0 /* XCTest */ = {
			isa = PBXGroup;
			children = (
				40FB437F1EFAFDCF00EC5BC0 /* MMEXCTests-Info.plist */,
				ACAF8D26238DDED20033745A /* MMEAPIClientTests.m */,
				9C3F93572351317F00F99907 /* MMEAPIConfigTests.m */,
				CF93A66222488A4500BBA199 /* MMECertPinTests.m */,
				AC03B2F323B1A74B0043271D /* MMEDateTests.m */,
				ACBD2E5823709F920082F037 /* MMEEventsManagerTests.m */,
				AC03B2C923AD55A10043271D /* MMEEventTests.m */,
				AC69502C238E000C00D095EB /* MMELocationManagerTests.m */,
				AC03B2C723AC477A0043271D /* MMEMetricsManagerTests.m */,
				9CDC34F02350FD1E00852FF0 /* MMETimerManagerTests.m */,
				F44600C2249031A2003B297C /* MMEUIApplicationWrapper.m */,
				AC03B2F523B1AEE60043271D /* MMEUniqueIdentifierTests.m */,
				9C27F7CD249BF2920018E7A9 /* NSProcessInfoTests+SystemInfo.m */,
				9CF000422370D7B2009A2700 /* NSString+MMEVersions_Tests.m */,
				9CDC34BA234FD36E00852FF0 /* NSUserDefaults+MMEConfigurationTests.m */,
			);
			name = XCTest;
			sourceTree = "<group>";
		};
/* End PBXGroup section */

/* Begin PBXNativeTarget section */
		404807C11EA186D8008A6D50 /* MMEXCTests */ = {
			isa = PBXNativeTarget;
			buildConfigurationList = 404807D01EA186D8008A6D50 /* Build configuration list for PBXNativeTarget "MMEXCTests" */;
			buildPhases = (
				404807BE1EA186D8008A6D50 /* Sources */,
				404807BF1EA186D8008A6D50 /* Frameworks */,
				404807C01EA186D8008A6D50 /* Resources */,
			);
			buildRules = (
			);
			dependencies = (
				9C27F7C1249AB7600018E7A9 /* PBXTargetDependency */,
			);
			name = MMEXCTests;
			productName = MapboxMobileMetricsTests;
			productReference = 404807C21EA186D8008A6D50 /* MMEXCTests.xctest */;
			productType = "com.apple.product-type.bundle.unit-test";
		};
		9C65A2652256C110006E3FED /* MMETestHost */ = {
			isa = PBXNativeTarget;
			buildConfigurationList = 9C65A2792256C112006E3FED /* Build configuration list for PBXNativeTarget "MMETestHost" */;
			buildPhases = (
				9C65A2622256C110006E3FED /* Sources */,
				9C65A2632256C110006E3FED /* Frameworks */,
				9C65A2642256C110006E3FED /* Resources */,
				9C65A2832256C1CF006E3FED /* Embed Frameworks */,
				F44600A924902382003B297C /* Embed App Extensions */,
			);
			buildRules = (
			);
			dependencies = (
				9C27F7BA249AB74E0018E7A9 /* PBXTargetDependency */,
				9C27F77B2499C2900018E7A9 /* PBXTargetDependency */,
				9C27F77D2499C2900018E7A9 /* PBXTargetDependency */,
			);
			name = MMETestHost;
			productName = MMETestHost;
			productReference = 9C65A2662256C110006E3FED /* MMETestHost.app */;
			productType = "com.apple.product-type.application";
		};
		9CDC34C223502F8700852FF0 /* MMECedarTests */ = {
			isa = PBXNativeTarget;
			buildConfigurationList = 9CDC34EA23502F8700852FF0 /* Build configuration list for PBXNativeTarget "MMECedarTests" */;
			buildPhases = (
				9CDC34C723502F8700852FF0 /* Sources */,
				9CDC34E223502F8700852FF0 /* Frameworks */,
				9CDC34E523502F8700852FF0 /* Resources */,
				9CDC34E923502F8700852FF0 /* ShellScript */,
			);
			buildRules = (
			);
			dependencies = (
				9C27F7C4249AB76F0018E7A9 /* PBXTargetDependency */,
			);
			name = MMECedarTests;
			productName = MapboxMobileMetricsTests;
			productReference = 9CDC34ED23502F8700852FF0 /* MMECedarTests.xctest */;
			productType = "com.apple.product-type.bundle.unit-test";
		};
/* End PBXNativeTarget section */

/* Begin PBXProject section */
		404807B01EA186D8008A6D50 /* Project object */ = {
			isa = PBXProject;
			attributes = {
				LastSwiftUpdateCheck = 1150;
				LastUpgradeCheck = 1020;
				ORGANIZATIONNAME = Mapbox;
				TargetAttributes = {
					404807C11EA186D8008A6D50 = {
						CreatedOnToolsVersion = 8.3.1;
						DevelopmentTeam = GJZR2MEM28;
						ProvisioningStyle = Automatic;
						TestTargetID = 9C65A2652256C110006E3FED;
					};
					9C65A2652256C110006E3FED = {
						CreatedOnToolsVersion = 10.2;
						DevelopmentTeam = GJZR2MEM28;
						ProvisioningStyle = Automatic;
						SystemCapabilities = {
							com.apple.Keychain = {
								enabled = 1;
							};
						};
					};
					9CDC34C223502F8700852FF0 = {
						DevelopmentTeam = GJZR2MEM28;
						TestTargetID = 9C65A2652256C110006E3FED;
					};
				};
			};
			buildConfigurationList = 404807B31EA186D8008A6D50 /* Build configuration list for PBXProject "MapboxMobileEventsTests" */;
			compatibilityVersion = "Xcode 3.2";
			developmentRegion = en;
			hasScannedForEncodings = 0;
			knownRegions = (
				en,
				Base,
			);
			mainGroup = 404807AF1EA186D8008A6D50;
			productRefGroup = 404807BA1EA186D8008A6D50 /* Products */;
			projectDirPath = "";
			projectReferences = (
				{
					ProductGroup = 9C27F7AC249AB5550018E7A9 /* Products */;
					ProjectRef = 9C27F7AB249AB5550018E7A9 /* MapboxMobileEvents.xcodeproj */;
				},
			);
			projectRoot = "";
			targets = (
				9C65A2652256C110006E3FED /* MMETestHost */,
				404807C11EA186D8008A6D50 /* MMEXCTests */,
				9CDC34C223502F8700852FF0 /* MMECedarTests */,
			);
		};
/* End PBXProject section */

/* Begin PBXReferenceProxy section */
		9C27F7B3249AB5550018E7A9 /* MapboxMobileEvents.framework */ = {
			isa = PBXReferenceProxy;
			fileType = wrapper.framework;
			path = MapboxMobileEvents.framework;
			remoteRef = 9C27F7B2249AB5550018E7A9 /* PBXContainerItemProxy */;
			sourceTree = BUILT_PRODUCTS_DIR;
		};
		9C27F7B5249AB5550018E7A9 /* MapboxMobileEvents.framework */ = {
			isa = PBXReferenceProxy;
			fileType = wrapper.framework;
			path = MapboxMobileEvents.framework;
			remoteRef = 9C27F7B4249AB5550018E7A9 /* PBXContainerItemProxy */;
			sourceTree = BUILT_PRODUCTS_DIR;
		};
		9C27F7B7249AB5550018E7A9 /* libMapboxMobileEvents.a */ = {
			isa = PBXReferenceProxy;
			fileType = archive.ar;
			path = libMapboxMobileEvents.a;
			remoteRef = 9C27F7B6249AB5550018E7A9 /* PBXContainerItemProxy */;
			sourceTree = BUILT_PRODUCTS_DIR;
		};
/* End PBXReferenceProxy section */

/* Begin PBXResourcesBuildPhase section */
		404807C01EA186D8008A6D50 /* Resources */ = {
			isa = PBXResourcesBuildPhase;
			buildActionMask = 2147483647;
			files = (
			);
			runOnlyForDeploymentPostprocessing = 0;
		};
		9C65A2642256C110006E3FED /* Resources */ = {
			isa = PBXResourcesBuildPhase;
			buildActionMask = 2147483647;
			files = (
				C15F6A53250270D100726D13 /* config-hao-10m.json in Resources */,
				9C3F934B23512FD300F99907 /* events-201.json in Resources */,
				9C3F934523512FD300F99907 /* config-10000m-gfo.json in Resources */,
				9C3F935223512FD300F99907 /* config-test-tag.json in Resources */,
				9C65A2752256C112006E3FED /* LaunchScreen.storyboard in Resources */,
				9C3F935123512FD300F99907 /* config-1000m-gfo.json in Resources */,
				9C3F935023512FD300F99907 /* config-all-wrong.json in Resources */,
				9C3F934723512FD300F99907 /* config-100s-bso.json in Resources */,
				9CE132C42358EC25005E23F1 /* config-long-ago.json in Resources */,
				9C3F934D23512FD300F99907 /* config-null-tag.json in Resources */,
				9C65A2722256C112006E3FED /* Assets.xcassets in Resources */,
				9C3F934E23512FD300F99907 /* config-1s-bso.json in Resources */,
				9CE132C72359296B005E23F1 /* config-crl.json in Resources */,
				9C65A2702256C110006E3FED /* Main.storyboard in Resources */,
				9C3F934623512FD300F99907 /* config-null.json in Resources */,
				9C3F934423512FD300F99907 /* config-10s-bso.json in Resources */,
				C15F6A52250270D100726D13 /* config-hao-null.json in Resources */,
				9C3F934C23512FD300F99907 /* config-type2-tto.json in Resources */,
				9C3F934A23512FD300F99907 /* config-all.json in Resources */,
				9C3F934923512FD300F99907 /* config-number-tag.json in Resources */,
				C15F6A51250270D100726D13 /* config-hao-negative.json in Resources */,
				9C3F934823512FD300F99907 /* config-type1-tto.json in Resources */,
				9C3F934F23512FD300F99907 /* config-100m-gfo.json in Resources */,
			);
			runOnlyForDeploymentPostprocessing = 0;
		};
		9CDC34E523502F8700852FF0 /* Resources */ = {
			isa = PBXResourcesBuildPhase;
			buildActionMask = 2147483647;
			files = (
			);
			runOnlyForDeploymentPostprocessing = 0;
		};
/* End PBXResourcesBuildPhase section */

/* Begin PBXShellScriptBuildPhase section */
		9CDC34E923502F8700852FF0 /* ShellScript */ = {
			isa = PBXShellScriptBuildPhase;
			buildActionMask = 2147483647;
			files = (
			);
			inputPaths = (
				"$(SRCROOT)/Carthage/Build/iOS/Cedar.framework",
			);
			outputPaths = (
			);
			runOnlyForDeploymentPostprocessing = 0;
			shellPath = /bin/sh;
			shellScript = "/usr/local/bin/carthage copy-frameworks\n";
		};
/* End PBXShellScriptBuildPhase section */

/* Begin PBXSourcesBuildPhase section */
		404807BE1EA186D8008A6D50 /* Sources */ = {
			isa = PBXSourcesBuildPhase;
			buildActionMask = 2147483647;
			files = (
				AC03B2C623AB05F00043271D /* MMENSURLSessionWrapperFake.m in Sources */,
				9CDC34BE234FD62A00852FF0 /* MMEBundleInfoFake.m in Sources */,
				AC03B2C523A851410043271D /* MMEUIApplicationWrapperFake.m in Sources */,
				4052C4F31EFB4A740044E2FF /* MMETimerManagerFake.m in Sources */,
				9C3F931223512F1A00F99907 /* MMETestStub.m in Sources */,
				9C3F931423512F1A00F99907 /* MMEServiceFixture.m in Sources */,
				AC03B2C423A851160043271D /* MMEUniqueIdentifierFake.m in Sources */,
				9C3F93552351300F00F99907 /* MMEExceptionalDictionary.m in Sources */,
				9CE132C5235926B3005E23F1 /* MMECertPinTests.m in Sources */,
				ACBD2E5923709F920082F037 /* MMEEventsManagerTests.m in Sources */,
				AC03B2CA23AD55A10043271D /* MMEEventTests.m in Sources */,
				9C3F93582351317F00F99907 /* MMEAPIConfigTests.m in Sources */,
				AC03B2F423B1A74B0043271D /* MMEDateTests.m in Sources */,
				9C27F7D1249BF2920018E7A9 /* NSProcessInfoTests+SystemInfo.m in Sources */,
				9CE132CA235A5296005E23F1 /* MMERunningLock.m in Sources */,
				F44600C3249031A2003B297C /* MMEUIApplicationWrapper.m in Sources */,
				9CDC34F12350FD1E00852FF0 /* MMETimerManagerTests.m in Sources */,
				AC03B2F623B1AEE60043271D /* MMEUniqueIdentifierTests.m in Sources */,
				9CDC34BB234FD36E00852FF0 /* NSUserDefaults+MMEConfigurationTests.m in Sources */,
				ACD1B2B423889BC000C0F0B6 /* MMEAPIClientFake.m in Sources */,
				9CF000432370D7B2009A2700 /* NSString+MMEVersions_Tests.m in Sources */,
				AC69502D238E000C00D095EB /* MMELocationManagerTests.m in Sources */,
				ACAF8D27238DDED20033745A /* MMEAPIClientTests.m in Sources */,
				AC03B2C823AC477A0043271D /* MMEMetricsManagerTests.m in Sources */,
			);
			runOnlyForDeploymentPostprocessing = 0;
		};
		9C65A2622256C110006E3FED /* Sources */ = {
			isa = PBXSourcesBuildPhase;
			buildActionMask = 2147483647;
			files = (
				9C3F935B235138FD00F99907 /* MMETestDelegate.m in Sources */,
			);
			runOnlyForDeploymentPostprocessing = 0;
		};
		9CDC34C723502F8700852FF0 /* Sources */ = {
			isa = PBXSourcesBuildPhase;
			buildActionMask = 2147483647;
			files = (
				9CDC34C923502F8700852FF0 /* MMEUniqueIdentifierFake.m in Sources */,
				9CDC34CA23502F8700852FF0 /* MMELocationManagerTests.mm in Sources */,
				9CDC34CC23502F8700852FF0 /* MMEMetricsManagerTests.mm in Sources */,
				9CDC34CD23502F8700852FF0 /* MMEUIApplicationWrapperFake.m in Sources */,
				9CDC34CE23502F8700852FF0 /* MMEDateTests.mm in Sources */,
				9CDC34CF23502F8700852FF0 /* MMEDateFakes.m in Sources */,
				9C3F931523512F1A00F99907 /* MMEServiceFixture.m in Sources */,
				9CDC34D223502F8700852FF0 /* MMEBundleInfoFake.m in Sources */,
				9CDC34D423502F8700852FF0 /* MMEAPIClientFake.m in Sources */,
				9CDC34D623502F8700852FF0 /* MMEDispatchManagerFake.m in Sources */,
				9CDC34D823502F8700852FF0 /* MMEEventsManagerTests.mm in Sources */,
				9CDC34D923502F8700852FF0 /* MMETimerManagerFake.m in Sources */,
				9CE132CB235A5296005E23F1 /* MMERunningLock.m in Sources */,
				9CDC34DA23502F8700852FF0 /* MMEEventTests.mm in Sources */,
				9C3F931323512F1A00F99907 /* MMETestStub.m in Sources */,
				9CDC34DB23502F8700852FF0 /* MMEEventFake.m in Sources */,
				9CDC34DC23502F8700852FF0 /* MMELocationManagerFake.m in Sources */,
				9CDC34DD23502F8700852FF0 /* MMECrashTests.mm in Sources */,
				9C3F93562351300F00F99907 /* MMEExceptionalDictionary.m in Sources */,
				9CDC34DE23502F8700852FF0 /* MMENSURLSessionWrapperFake.m in Sources */,
				9CDC34E023502F8700852FF0 /* MMEAPIClientTests.mm in Sources */,
				9CDC34E123502F8700852FF0 /* MMEDependencyManagerTests.mm in Sources */,
			);
			runOnlyForDeploymentPostprocessing = 0;
		};
/* End PBXSourcesBuildPhase section */

/* Begin PBXTargetDependency section */
		9C27F77B2499C2900018E7A9 /* PBXTargetDependency */ = {
			isa = PBXTargetDependency;
			target = 9CDC34C223502F8700852FF0 /* MMECedarTests */;
			targetProxy = 9C27F77A2499C2900018E7A9 /* PBXContainerItemProxy */;
		};
		9C27F77D2499C2900018E7A9 /* PBXTargetDependency */ = {
			isa = PBXTargetDependency;
			target = 404807C11EA186D8008A6D50 /* MMEXCTests */;
			targetProxy = 9C27F77C2499C2900018E7A9 /* PBXContainerItemProxy */;
		};
		9C27F7BA249AB74E0018E7A9 /* PBXTargetDependency */ = {
			isa = PBXTargetDependency;
			name = "MapboxMobileEvents (Development)";
			targetProxy = 9C27F7B9249AB74E0018E7A9 /* PBXContainerItemProxy */;
		};
		9C27F7C1249AB7600018E7A9 /* PBXTargetDependency */ = {
			isa = PBXTargetDependency;
			name = "MapboxMobileEvents (Development)";
			targetProxy = 9C27F7C0249AB7600018E7A9 /* PBXContainerItemProxy */;
		};
		9C27F7C4249AB76F0018E7A9 /* PBXTargetDependency */ = {
			isa = PBXTargetDependency;
			name = "MapboxMobileEvents (Development)";
			targetProxy = 9C27F7C3249AB76F0018E7A9 /* PBXContainerItemProxy */;
		};
/* End PBXTargetDependency section */

/* Begin PBXVariantGroup section */
		9C65A26E2256C110006E3FED /* Main.storyboard */ = {
			isa = PBXVariantGroup;
			children = (
				9C65A26F2256C110006E3FED /* Base */,
			);
			name = Main.storyboard;
			sourceTree = "<group>";
		};
		9C65A2732256C112006E3FED /* LaunchScreen.storyboard */ = {
			isa = PBXVariantGroup;
			children = (
				9C65A2742256C112006E3FED /* Base */,
			);
			name = LaunchScreen.storyboard;
			sourceTree = "<group>";
		};
/* End PBXVariantGroup section */

/* Begin XCBuildConfiguration section */
		404807CB1EA186D8008A6D50 /* Debug */ = {
			isa = XCBuildConfiguration;
			buildSettings = {
				ALWAYS_SEARCH_USER_PATHS = NO;
				BITCODE_GENERATION_MODE = bitcode;
				CLANG_ALLOW_NON_MODULAR_INCLUDES_IN_FRAMEWORK_MODULES = YES;
				CLANG_ANALYZER_LOCALIZABILITY_NONLOCALIZED = YES;
				CLANG_ANALYZER_NONNULL = YES;
				CLANG_ANALYZER_NUMBER_OBJECT_CONVERSION = YES_AGGRESSIVE;
				CLANG_CXX_LANGUAGE_STANDARD = "gnu++0x";
				CLANG_CXX_LIBRARY = "libc++";
				CLANG_ENABLE_MODULES = YES;
				CLANG_ENABLE_OBJC_ARC = YES;
				CLANG_WARN_BLOCK_CAPTURE_AUTORELEASING = YES;
				CLANG_WARN_BOOL_CONVERSION = YES;
				CLANG_WARN_COMMA = YES;
				CLANG_WARN_CONSTANT_CONVERSION = YES;
				CLANG_WARN_DEPRECATED_OBJC_IMPLEMENTATIONS = YES;
				CLANG_WARN_DIRECT_OBJC_ISA_USAGE = YES_ERROR;
				CLANG_WARN_DOCUMENTATION_COMMENTS = YES;
				CLANG_WARN_EMPTY_BODY = YES;
				CLANG_WARN_ENUM_CONVERSION = YES;
				CLANG_WARN_INFINITE_RECURSION = YES;
				CLANG_WARN_INT_CONVERSION = YES;
				CLANG_WARN_NON_LITERAL_NULL_CONVERSION = YES;
				CLANG_WARN_OBJC_IMPLICIT_RETAIN_SELF = YES;
				CLANG_WARN_OBJC_LITERAL_CONVERSION = YES;
				CLANG_WARN_OBJC_ROOT_CLASS = YES_ERROR;
				CLANG_WARN_RANGE_LOOP_ANALYSIS = YES;
				CLANG_WARN_STRICT_PROTOTYPES = YES;
				CLANG_WARN_SUSPICIOUS_MOVE = YES;
				CLANG_WARN_UNGUARDED_AVAILABILITY = YES_AGGRESSIVE;
				CLANG_WARN_UNREACHABLE_CODE = YES;
				CLANG_WARN__DUPLICATE_METHOD_MATCH = YES;
				"CODE_SIGN_IDENTITY[sdk=iphoneos*]" = "iPhone Developer";
				COPY_PHASE_STRIP = NO;
				CURRENT_PROJECT_VERSION = 1;
				DEBUG_INFORMATION_FORMAT = dwarf;
				ENABLE_STRICT_OBJC_MSGSEND = YES;
				ENABLE_TESTABILITY = YES;
				GCC_C_LANGUAGE_STANDARD = gnu99;
				GCC_DYNAMIC_NO_PIC = NO;
				GCC_NO_COMMON_BLOCKS = YES;
				GCC_OPTIMIZATION_LEVEL = 0;
				GCC_PREPROCESSOR_DEFINITIONS = (
					"DEBUG=1",
					"$(inherited)",
				);
				GCC_WARN_64_TO_32_BIT_CONVERSION = YES;
				GCC_WARN_ABOUT_RETURN_TYPE = YES_ERROR;
				GCC_WARN_UNDECLARED_SELECTOR = YES;
				GCC_WARN_UNINITIALIZED_AUTOS = YES_AGGRESSIVE;
				GCC_WARN_UNUSED_FUNCTION = YES;
				GCC_WARN_UNUSED_VARIABLE = YES;
				IPHONEOS_DEPLOYMENT_TARGET = 8.0;
				MTL_ENABLE_DEBUG_INFO = YES;
				ONLY_ACTIVE_ARCH = YES;
				SDKROOT = iphoneos;
				TARGETED_DEVICE_FAMILY = "1,2";
				VERSIONING_SYSTEM = "apple-generic";
				VERSION_INFO_PREFIX = "";
			};
			name = Debug;
		};
		404807CC1EA186D8008A6D50 /* Release */ = {
			isa = XCBuildConfiguration;
			buildSettings = {
				ALWAYS_SEARCH_USER_PATHS = NO;
				BITCODE_GENERATION_MODE = bitcode;
				CLANG_ALLOW_NON_MODULAR_INCLUDES_IN_FRAMEWORK_MODULES = YES;
				CLANG_ANALYZER_LOCALIZABILITY_NONLOCALIZED = YES;
				CLANG_ANALYZER_NONNULL = YES;
				CLANG_ANALYZER_NUMBER_OBJECT_CONVERSION = YES_AGGRESSIVE;
				CLANG_CXX_LANGUAGE_STANDARD = "gnu++0x";
				CLANG_CXX_LIBRARY = "libc++";
				CLANG_ENABLE_MODULES = YES;
				CLANG_ENABLE_OBJC_ARC = YES;
				CLANG_WARN_BLOCK_CAPTURE_AUTORELEASING = YES;
				CLANG_WARN_BOOL_CONVERSION = YES;
				CLANG_WARN_COMMA = YES;
				CLANG_WARN_CONSTANT_CONVERSION = YES;
				CLANG_WARN_DEPRECATED_OBJC_IMPLEMENTATIONS = YES;
				CLANG_WARN_DIRECT_OBJC_ISA_USAGE = YES_ERROR;
				CLANG_WARN_DOCUMENTATION_COMMENTS = YES;
				CLANG_WARN_EMPTY_BODY = YES;
				CLANG_WARN_ENUM_CONVERSION = YES;
				CLANG_WARN_INFINITE_RECURSION = YES;
				CLANG_WARN_INT_CONVERSION = YES;
				CLANG_WARN_NON_LITERAL_NULL_CONVERSION = YES;
				CLANG_WARN_OBJC_IMPLICIT_RETAIN_SELF = YES;
				CLANG_WARN_OBJC_LITERAL_CONVERSION = YES;
				CLANG_WARN_OBJC_ROOT_CLASS = YES_ERROR;
				CLANG_WARN_RANGE_LOOP_ANALYSIS = YES;
				CLANG_WARN_STRICT_PROTOTYPES = YES;
				CLANG_WARN_SUSPICIOUS_MOVE = YES;
				CLANG_WARN_UNGUARDED_AVAILABILITY = YES_AGGRESSIVE;
				CLANG_WARN_UNREACHABLE_CODE = YES;
				CLANG_WARN__DUPLICATE_METHOD_MATCH = YES;
				"CODE_SIGN_IDENTITY[sdk=iphoneos*]" = "iPhone Developer";
				COPY_PHASE_STRIP = NO;
				CURRENT_PROJECT_VERSION = 1;
				DEBUG_INFORMATION_FORMAT = "dwarf-with-dsym";
				ENABLE_NS_ASSERTIONS = NO;
				ENABLE_STRICT_OBJC_MSGSEND = YES;
				GCC_C_LANGUAGE_STANDARD = gnu99;
				GCC_NO_COMMON_BLOCKS = YES;
				GCC_WARN_64_TO_32_BIT_CONVERSION = YES;
				GCC_WARN_ABOUT_RETURN_TYPE = YES_ERROR;
				GCC_WARN_UNDECLARED_SELECTOR = YES;
				GCC_WARN_UNINITIALIZED_AUTOS = YES_AGGRESSIVE;
				GCC_WARN_UNUSED_FUNCTION = YES;
				GCC_WARN_UNUSED_VARIABLE = YES;
				IPHONEOS_DEPLOYMENT_TARGET = 8.0;
				LLVM_LTO = YES;
				MTL_ENABLE_DEBUG_INFO = NO;
				SDKROOT = iphoneos;
				STRIP_STYLE = "non-global";
				TARGETED_DEVICE_FAMILY = "1,2";
				VALIDATE_PRODUCT = YES;
				VERSIONING_SYSTEM = "apple-generic";
				VERSION_INFO_PREFIX = "";
			};
			name = Release;
		};
		404807D11EA186D8008A6D50 /* Debug */ = {
			isa = XCBuildConfiguration;
			buildSettings = {
				DEVELOPMENT_TEAM = GJZR2MEM28;
				FRAMEWORK_SEARCH_PATHS = "$(inherited)";
				INFOPLIST_FILE = "Tests/MMEXCTests-Info.plist";
				IPHONEOS_DEPLOYMENT_TARGET = 10.1;
				LD_RUNPATH_SEARCH_PATHS = (
					"$(inherited)",
					"@executable_path/Frameworks",
					"@loader_path/Frameworks",
				);
				LLVM_LTO = NO;
				OTHER_CFLAGS = "-fmodules";
				OTHER_CPLUSPLUSFLAGS = (
					"$(OTHER_CFLAGS)",
					"-fcxx-modules",
				);
				PRODUCT_BUNDLE_IDENTIFIER = com.mapbox.MMEXCTests;
				PRODUCT_NAME = "$(TARGET_NAME)";
				TEST_HOST = "$(BUILT_PRODUCTS_DIR)/MMETestHost.app/MMETestHost";
			};
			name = Debug;
		};
		404807D21EA186D8008A6D50 /* Release */ = {
			isa = XCBuildConfiguration;
			buildSettings = {
				DEVELOPMENT_TEAM = GJZR2MEM28;
				FRAMEWORK_SEARCH_PATHS = "$(inherited)";
				INFOPLIST_FILE = "Tests/MMEXCTests-Info.plist";
				IPHONEOS_DEPLOYMENT_TARGET = 10.1;
				LD_RUNPATH_SEARCH_PATHS = (
					"$(inherited)",
					"@executable_path/Frameworks",
					"@loader_path/Frameworks",
				);
				LLVM_LTO = YES;
				OTHER_CFLAGS = "-fmodules";
				OTHER_CPLUSPLUSFLAGS = (
					"$(OTHER_CFLAGS)",
					"-fcxx-modules",
				);
				PRODUCT_BUNDLE_IDENTIFIER = com.mapbox.MMEXCTests;
				PRODUCT_NAME = "$(TARGET_NAME)";
				TEST_HOST = "$(BUILT_PRODUCTS_DIR)/MMETestHost.app/MMETestHost";
			};
			name = Release;
		};
		9C65A27A2256C112006E3FED /* Debug */ = {
			isa = XCBuildConfiguration;
			buildSettings = {
				ASSETCATALOG_COMPILER_APPICON_NAME = AppIcon;
				CLANG_CXX_LANGUAGE_STANDARD = "gnu++14";
				CLANG_ENABLE_OBJC_WEAK = YES;
				CODE_SIGN_ENTITLEMENTS = MMETestHost/MMETestHost.entitlements;
				CODE_SIGN_IDENTITY = "iPhone Developer";
				CODE_SIGN_STYLE = Automatic;
				DEVELOPMENT_TEAM = GJZR2MEM28;
				FRAMEWORK_SEARCH_PATHS = (
					"$(inherited)",
					"$(PROJECT_DIR)/Carthage/Build/iOS",
				);
				GCC_C_LANGUAGE_STANDARD = gnu11;
				INFOPLIST_FILE = "MMETestHost/MMETestHost-Info.plist";
				IPHONEOS_DEPLOYMENT_TARGET = 10.1;
				LD_RUNPATH_SEARCH_PATHS = (
					"$(inherited)",
					"@executable_path/Frameworks",
				);
				MTL_ENABLE_DEBUG_INFO = INCLUDE_SOURCE;
				MTL_FAST_MATH = YES;
				PRODUCT_BUNDLE_IDENTIFIER = com.mapbox.MMETestHost;
				PRODUCT_NAME = "$(TARGET_NAME)";
				TARGETED_DEVICE_FAMILY = "1,2";
			};
			name = Debug;
		};
		9C65A27B2256C112006E3FED /* Release */ = {
			isa = XCBuildConfiguration;
			buildSettings = {
				ASSETCATALOG_COMPILER_APPICON_NAME = AppIcon;
				CLANG_CXX_LANGUAGE_STANDARD = "gnu++14";
				CLANG_ENABLE_OBJC_WEAK = YES;
				CODE_SIGN_ENTITLEMENTS = MMETestHost/MMETestHost.entitlements;
				CODE_SIGN_IDENTITY = "iPhone Developer";
				CODE_SIGN_STYLE = Automatic;
				DEVELOPMENT_TEAM = GJZR2MEM28;
				FRAMEWORK_SEARCH_PATHS = (
					"$(inherited)",
					"$(PROJECT_DIR)/Carthage/Build/iOS",
				);
				GCC_C_LANGUAGE_STANDARD = gnu11;
				INFOPLIST_FILE = "MMETestHost/MMETestHost-Info.plist";
				IPHONEOS_DEPLOYMENT_TARGET = 10.1;
				LD_RUNPATH_SEARCH_PATHS = (
					"$(inherited)",
					"@executable_path/Frameworks",
				);
				MTL_FAST_MATH = YES;
				PRODUCT_BUNDLE_IDENTIFIER = com.mapbox.MMETestHost;
				PRODUCT_NAME = "$(TARGET_NAME)";
				TARGETED_DEVICE_FAMILY = "1,2";
			};
			name = Release;
		};
		9CDC34EB23502F8700852FF0 /* Debug */ = {
			isa = XCBuildConfiguration;
			buildSettings = {
				DEVELOPMENT_TEAM = GJZR2MEM28;
				FRAMEWORK_SEARCH_PATHS = (
					"$(inherited)",
					"$(PROJECT_DIR)/Carthage/Build/iOS",
				);
				INFOPLIST_FILE = "Tests/MMECedarTests-Info.plist";
				IPHONEOS_DEPLOYMENT_TARGET = 10.1;
				LD_RUNPATH_SEARCH_PATHS = (
					"$(inherited)",
					"@executable_path/Frameworks",
					"@loader_path/Frameworks",
				);
				LLVM_LTO = NO;
				OTHER_CFLAGS = "-fmodules";
				OTHER_CPLUSPLUSFLAGS = (
					"$(OTHER_CFLAGS)",
					"-fcxx-modules",
				);
				PRODUCT_BUNDLE_IDENTIFIER = com.mapbox.MMECedarTests;
				PRODUCT_NAME = "$(TARGET_NAME)";
				TEST_HOST = "$(BUILT_PRODUCTS_DIR)/MMETestHost.app/MMETestHost";
			};
			name = Debug;
		};
		9CDC34EC23502F8700852FF0 /* Release */ = {
			isa = XCBuildConfiguration;
			buildSettings = {
				DEVELOPMENT_TEAM = GJZR2MEM28;
				FRAMEWORK_SEARCH_PATHS = (
					"$(inherited)",
					"$(PROJECT_DIR)/Carthage/Build/iOS",
				);
				INFOPLIST_FILE = "Tests/MMECedarTests-Info.plist";
				IPHONEOS_DEPLOYMENT_TARGET = 10.1;
				LD_RUNPATH_SEARCH_PATHS = (
					"$(inherited)",
					"@executable_path/Frameworks",
					"@loader_path/Frameworks",
				);
				LLVM_LTO = YES;
				OTHER_CFLAGS = "-fmodules";
				OTHER_CPLUSPLUSFLAGS = (
					"$(OTHER_CFLAGS)",
					"-fcxx-modules",
				);
				PRODUCT_BUNDLE_IDENTIFIER = com.mapbox.MMECedarTests;
				PRODUCT_NAME = "$(TARGET_NAME)";
				TEST_HOST = "$(BUILT_PRODUCTS_DIR)/MMETestHost.app/MMETestHost";
			};
			name = Release;
		};
		CAB36C302374A1BA00592F74 /* RelWithDebInfo */ = {
			isa = XCBuildConfiguration;
			buildSettings = {
				ALWAYS_SEARCH_USER_PATHS = NO;
				BITCODE_GENERATION_MODE = bitcode;
				CLANG_ALLOW_NON_MODULAR_INCLUDES_IN_FRAMEWORK_MODULES = YES;
				CLANG_ANALYZER_LOCALIZABILITY_NONLOCALIZED = YES;
				CLANG_ANALYZER_NONNULL = YES;
				CLANG_ANALYZER_NUMBER_OBJECT_CONVERSION = YES_AGGRESSIVE;
				CLANG_CXX_LANGUAGE_STANDARD = "gnu++0x";
				CLANG_CXX_LIBRARY = "libc++";
				CLANG_ENABLE_MODULES = YES;
				CLANG_ENABLE_OBJC_ARC = YES;
				CLANG_WARN_BLOCK_CAPTURE_AUTORELEASING = YES;
				CLANG_WARN_BOOL_CONVERSION = YES;
				CLANG_WARN_COMMA = YES;
				CLANG_WARN_CONSTANT_CONVERSION = YES;
				CLANG_WARN_DEPRECATED_OBJC_IMPLEMENTATIONS = YES;
				CLANG_WARN_DIRECT_OBJC_ISA_USAGE = YES_ERROR;
				CLANG_WARN_DOCUMENTATION_COMMENTS = YES;
				CLANG_WARN_EMPTY_BODY = YES;
				CLANG_WARN_ENUM_CONVERSION = YES;
				CLANG_WARN_INFINITE_RECURSION = YES;
				CLANG_WARN_INT_CONVERSION = YES;
				CLANG_WARN_NON_LITERAL_NULL_CONVERSION = YES;
				CLANG_WARN_OBJC_IMPLICIT_RETAIN_SELF = YES;
				CLANG_WARN_OBJC_LITERAL_CONVERSION = YES;
				CLANG_WARN_OBJC_ROOT_CLASS = YES_ERROR;
				CLANG_WARN_RANGE_LOOP_ANALYSIS = YES;
				CLANG_WARN_STRICT_PROTOTYPES = YES;
				CLANG_WARN_SUSPICIOUS_MOVE = YES;
				CLANG_WARN_UNGUARDED_AVAILABILITY = YES_AGGRESSIVE;
				CLANG_WARN_UNREACHABLE_CODE = YES;
				CLANG_WARN__DUPLICATE_METHOD_MATCH = YES;
				"CODE_SIGN_IDENTITY[sdk=iphoneos*]" = "iPhone Developer";
				COPY_PHASE_STRIP = NO;
				CURRENT_PROJECT_VERSION = 1;
				DEBUG_INFORMATION_FORMAT = "dwarf-with-dsym";
				ENABLE_NS_ASSERTIONS = NO;
				ENABLE_STRICT_OBJC_MSGSEND = YES;
				GCC_C_LANGUAGE_STANDARD = gnu99;
				GCC_NO_COMMON_BLOCKS = YES;
				GCC_WARN_64_TO_32_BIT_CONVERSION = YES;
				GCC_WARN_ABOUT_RETURN_TYPE = YES_ERROR;
				GCC_WARN_UNDECLARED_SELECTOR = YES;
				GCC_WARN_UNINITIALIZED_AUTOS = YES_AGGRESSIVE;
				GCC_WARN_UNUSED_FUNCTION = YES;
				GCC_WARN_UNUSED_VARIABLE = YES;
				IPHONEOS_DEPLOYMENT_TARGET = 8.0;
				LLVM_LTO = YES;
				MTL_ENABLE_DEBUG_INFO = NO;
				SDKROOT = iphoneos;
				TARGETED_DEVICE_FAMILY = "1,2";
				VALIDATE_PRODUCT = YES;
				VERSIONING_SYSTEM = "apple-generic";
				VERSION_INFO_PREFIX = "";
			};
			name = RelWithDebInfo;
		};
		CAB36C342374A1BA00592F74 /* RelWithDebInfo */ = {
			isa = XCBuildConfiguration;
			buildSettings = {
				DEVELOPMENT_TEAM = GJZR2MEM28;
				FRAMEWORK_SEARCH_PATHS = "$(inherited)";
				INFOPLIST_FILE = "Tests/MMEXCTests-Info.plist";
				IPHONEOS_DEPLOYMENT_TARGET = 10.1;
				LD_RUNPATH_SEARCH_PATHS = (
					"$(inherited)",
					"@executable_path/Frameworks",
					"@loader_path/Frameworks",
				);
				LLVM_LTO = YES;
				OTHER_CFLAGS = "-fmodules";
				OTHER_CPLUSPLUSFLAGS = (
					"$(OTHER_CFLAGS)",
					"-fcxx-modules",
				);
				PRODUCT_BUNDLE_IDENTIFIER = com.mapbox.MMEXCTests;
				PRODUCT_NAME = "$(TARGET_NAME)";
				TEST_HOST = "$(BUILT_PRODUCTS_DIR)/MMETestHost.app/MMETestHost";
			};
			name = RelWithDebInfo;
		};
		CAB36C352374A1BA00592F74 /* RelWithDebInfo */ = {
			isa = XCBuildConfiguration;
			buildSettings = {
				DEVELOPMENT_TEAM = GJZR2MEM28;
				FRAMEWORK_SEARCH_PATHS = (
					"$(inherited)",
					"$(PROJECT_DIR)/Carthage/Build/iOS",
				);
				INFOPLIST_FILE = "Tests/MMECedarTests-Info.plist";
				IPHONEOS_DEPLOYMENT_TARGET = 10.1;
				LD_RUNPATH_SEARCH_PATHS = (
					"$(inherited)",
					"@executable_path/Frameworks",
					"@loader_path/Frameworks",
				);
				LLVM_LTO = YES;
				OTHER_CFLAGS = "-fmodules";
				OTHER_CPLUSPLUSFLAGS = (
					"$(OTHER_CFLAGS)",
					"-fcxx-modules",
				);
				PRODUCT_BUNDLE_IDENTIFIER = com.mapbox.MMECedarTests;
				PRODUCT_NAME = "$(TARGET_NAME)";
				TEST_HOST = "$(BUILT_PRODUCTS_DIR)/MMETestHost.app/MMETestHost";
			};
			name = RelWithDebInfo;
		};
		CAB36C362374A1BA00592F74 /* RelWithDebInfo */ = {
			isa = XCBuildConfiguration;
			buildSettings = {
				ASSETCATALOG_COMPILER_APPICON_NAME = AppIcon;
				CLANG_CXX_LANGUAGE_STANDARD = "gnu++14";
				CLANG_ENABLE_OBJC_WEAK = YES;
				CODE_SIGN_ENTITLEMENTS = MMETestHost/MMETestHost.entitlements;
				CODE_SIGN_IDENTITY = "iPhone Developer";
				CODE_SIGN_STYLE = Automatic;
				DEVELOPMENT_TEAM = GJZR2MEM28;
				FRAMEWORK_SEARCH_PATHS = (
					"$(inherited)",
					"$(PROJECT_DIR)/Carthage/Build/iOS",
				);
				GCC_C_LANGUAGE_STANDARD = gnu11;
				INFOPLIST_FILE = "MMETestHost/MMETestHost-Info.plist";
				IPHONEOS_DEPLOYMENT_TARGET = 10.1;
				LD_RUNPATH_SEARCH_PATHS = (
					"$(inherited)",
					"@executable_path/Frameworks",
				);
				MTL_FAST_MATH = YES;
				PRODUCT_BUNDLE_IDENTIFIER = com.mapbox.MMETestHost;
				PRODUCT_NAME = "$(TARGET_NAME)";
				TARGETED_DEVICE_FAMILY = "1,2";
			};
			name = RelWithDebInfo;
		};
/* End XCBuildConfiguration section */

/* Begin XCConfigurationList section */
		404807B31EA186D8008A6D50 /* Build configuration list for PBXProject "MapboxMobileEventsTests" */ = {
			isa = XCConfigurationList;
			buildConfigurations = (
				404807CB1EA186D8008A6D50 /* Debug */,
				404807CC1EA186D8008A6D50 /* Release */,
				CAB36C302374A1BA00592F74 /* RelWithDebInfo */,
			);
			defaultConfigurationIsVisible = 0;
			defaultConfigurationName = Release;
		};
		404807D01EA186D8008A6D50 /* Build configuration list for PBXNativeTarget "MMEXCTests" */ = {
			isa = XCConfigurationList;
			buildConfigurations = (
				404807D11EA186D8008A6D50 /* Debug */,
				404807D21EA186D8008A6D50 /* Release */,
				CAB36C342374A1BA00592F74 /* RelWithDebInfo */,
			);
			defaultConfigurationIsVisible = 0;
			defaultConfigurationName = Release;
		};
		9C65A2792256C112006E3FED /* Build configuration list for PBXNativeTarget "MMETestHost" */ = {
			isa = XCConfigurationList;
			buildConfigurations = (
				9C65A27A2256C112006E3FED /* Debug */,
				9C65A27B2256C112006E3FED /* Release */,
				CAB36C362374A1BA00592F74 /* RelWithDebInfo */,
			);
			defaultConfigurationIsVisible = 0;
			defaultConfigurationName = Release;
		};
		9CDC34EA23502F8700852FF0 /* Build configuration list for PBXNativeTarget "MMECedarTests" */ = {
			isa = XCConfigurationList;
			buildConfigurations = (
				9CDC34EB23502F8700852FF0 /* Debug */,
				9CDC34EC23502F8700852FF0 /* Release */,
				CAB36C352374A1BA00592F74 /* RelWithDebInfo */,
			);
			defaultConfigurationIsVisible = 0;
			defaultConfigurationName = Release;
		};
/* End XCConfigurationList section */
	};
	rootObject = 404807B01EA186D8008A6D50 /* Project object */;
}
