// !$*UTF8*$!
{
	archiveVersion = 1;
	classes = {
	};
	objectVersion = 46;
	objects = {

/* Begin PBXBuildFile section */
		4002E6361F83155E0090D724 /* MMEEventsManagerTests.mm in Sources */ = {isa = PBXBuildFile; fileRef = 4002E6351F83155E0090D724 /* MMEEventsManagerTests.mm */; };
		40031E5E1EFC5CA1009EAB33 /* MMEUniqueIdentifierFake.m in Sources */ = {isa = PBXBuildFile; fileRef = 40031E5D1EFC5CA1009EAB33 /* MMEUniqueIdentifierFake.m */; };
		402F02A61F7DA28700E7FF06 /* Cartfile in Resources */ = {isa = PBXBuildFile; fileRef = 402F02A41F7DA28700E7FF06 /* Cartfile */; };
		402F02A71F7DA28700E7FF06 /* MapboxMobileEvents.podspec in Resources */ = {isa = PBXBuildFile; fileRef = 402F02A51F7DA28700E7FF06 /* MapboxMobileEvents.podspec */; };
		4036EFBB1ED36F06009C40BA /* MMEAPIClientFake.m in Sources */ = {isa = PBXBuildFile; fileRef = 4036EFBA1ED36F06009C40BA /* MMEAPIClientFake.m */; };
		4036EFBE1ED37D56009C40BA /* MMEEventLogger.h in Headers */ = {isa = PBXBuildFile; fileRef = 4036EFBC1ED37D56009C40BA /* MMEEventLogger.h */; };
		4036EFBF1ED37D56009C40BA /* MMEEventLogger.m in Sources */ = {isa = PBXBuildFile; fileRef = 4036EFBD1ED37D56009C40BA /* MMEEventLogger.m */; };
		4036EFC01ED38489009C40BA /* MMEEventLogger.m in Sources */ = {isa = PBXBuildFile; fileRef = 4036EFBD1ED37D56009C40BA /* MMEEventLogger.m */; };
		403834FF1F7AC55D004205B9 /* MMENSDateWrapperTests.mm in Sources */ = {isa = PBXBuildFile; fileRef = 403834FE1F7AC55D004205B9 /* MMENSDateWrapperTests.mm */; };
		403835021F7AF145004205B9 /* MMEDependencyManager.h in Headers */ = {isa = PBXBuildFile; fileRef = 403835001F7AF145004205B9 /* MMEDependencyManager.h */; };
		403835031F7AF145004205B9 /* MMEDependencyManager.m in Sources */ = {isa = PBXBuildFile; fileRef = 403835011F7AF145004205B9 /* MMEDependencyManager.m */; };
		403835041F7AF150004205B9 /* MMEDependencyManager.m in Sources */ = {isa = PBXBuildFile; fileRef = 403835011F7AF145004205B9 /* MMEDependencyManager.m */; };
		403835061F7AF860004205B9 /* MMEDependencyManagerTests.mm in Sources */ = {isa = PBXBuildFile; fileRef = 403835051F7AF860004205B9 /* MMEDependencyManagerTests.mm */; };
		404807C31EA186D8008A6D50 /* MapboxMobileEvents.framework in Frameworks */ = {isa = PBXBuildFile; fileRef = 404807B91EA186D8008A6D50 /* MapboxMobileEvents.framework */; };
		404807CA1EA186D8008A6D50 /* MapboxMobileEvents.h in Headers */ = {isa = PBXBuildFile; fileRef = 404807BC1EA186D8008A6D50 /* MapboxMobileEvents.h */; settings = {ATTRIBUTES = (Public, ); }; };
		404C5E231F85809400C026DD /* Scanfile in Resources */ = {isa = PBXBuildFile; fileRef = 404C5E221F85809400C026DD /* Scanfile */; };
		405172DD1EAFFA9400F8CDA1 /* MMENSURLSessionWrapper.h in Headers */ = {isa = PBXBuildFile; fileRef = 405172DB1EAFFA9400F8CDA1 /* MMENSURLSessionWrapper.h */; };
		405172DE1EAFFA9400F8CDA1 /* MMENSURLSessionWrapper.m in Sources */ = {isa = PBXBuildFile; fileRef = 405172DC1EAFFA9400F8CDA1 /* MMENSURLSessionWrapper.m */; };
		405172E51EB13C6D00F8CDA1 /* MMENSURLSessionWrapperFake.m in Sources */ = {isa = PBXBuildFile; fileRef = 405172E41EB13C6D00F8CDA1 /* MMENSURLSessionWrapperFake.m */; };
		4052C4F31EFB4A740044E2FF /* MMETimerManagerFake.m in Sources */ = {isa = PBXBuildFile; fileRef = 4052C4F21EFB4A740044E2FF /* MMETimerManagerFake.m */; };
		4085965C1ED086D3003BD29D /* MMEConstants.m in Sources */ = {isa = PBXBuildFile; fileRef = 40AE58551EA932DB0046B437 /* MMEConstants.m */; };
		4085965D1ED086D6003BD29D /* MMETypes.m in Sources */ = {isa = PBXBuildFile; fileRef = 40AE584D1EA926710046B437 /* MMETypes.m */; };
		4085965E1ED086D9003BD29D /* MMEEvent.m in Sources */ = {isa = PBXBuildFile; fileRef = 40AE586C1EA95EDD0046B437 /* MMEEvent.m */; };
		4085965F1ED086DC003BD29D /* MMEEventsManager.m in Sources */ = {isa = PBXBuildFile; fileRef = 40C9E27A1EA542BC00744FE7 /* MMEEventsManager.m */; };
		408596601ED086DF003BD29D /* MMELocationManager.m in Sources */ = {isa = PBXBuildFile; fileRef = 40C9E27E1EA5473F00744FE7 /* MMELocationManager.m */; };
		408596611ED086E2003BD29D /* MMEAPIClient.m in Sources */ = {isa = PBXBuildFile; fileRef = 40AE58701EAA87960046B437 /* MMEAPIClient.m */; };
		408596631ED086E8003BD29D /* CLLocation+MMEMobileEvents.m in Sources */ = {isa = PBXBuildFile; fileRef = 40AE58681EA953970046B437 /* CLLocation+MMEMobileEvents.m */; };
		408596641ED086EB003BD29D /* MMEUIApplicationWrapper.m in Sources */ = {isa = PBXBuildFile; fileRef = 40AE58421EA6C86C0046B437 /* MMEUIApplicationWrapper.m */; };
		408596661ED086F1003BD29D /* MMEUniqueIdentifier.m in Sources */ = {isa = PBXBuildFile; fileRef = 40AE58591EA9373F0046B437 /* MMEUniqueIdentifier.m */; };
		408596671ED086F4003BD29D /* MMECommonEventData.m in Sources */ = {isa = PBXBuildFile; fileRef = 40AE585D1EA93B3A0046B437 /* MMECommonEventData.m */; };
		408596691ED086FA003BD29D /* MMENSURLSessionWrapper.m in Sources */ = {isa = PBXBuildFile; fileRef = 405172DC1EAFFA9400F8CDA1 /* MMENSURLSessionWrapper.m */; };
		4085966A1ED08FA9003BD29D /* MapboxMobileEvents.h in CopyFiles */ = {isa = PBXBuildFile; fileRef = 404807BC1EA186D8008A6D50 /* MapboxMobileEvents.h */; };
		408596781ED0900A003BD29D /* Localizable.strings in Resources */ = {isa = PBXBuildFile; fileRef = 40BE71011EB7C3EC00D690F3 /* Localizable.strings */; };
		408596D81ED0B1F6003BD29D /* MMEEvent.h in CopyFiles */ = {isa = PBXBuildFile; fileRef = 40AE586B1EA95EDD0046B437 /* MMEEvent.h */; };
		408596D91ED0B1F6003BD29D /* MMEEventsManager.h in CopyFiles */ = {isa = PBXBuildFile; fileRef = 40C9E2791EA542BC00744FE7 /* MMEEventsManager.h */; };
		408596DA1ED0BF35003BD29D /* MMEConstants.h in CopyFiles */ = {isa = PBXBuildFile; fileRef = 40AE58541EA932DB0046B437 /* MMEConstants.h */; };
		409115301F16AE6100F4250B /* MMETrustKitWrapper.h in Headers */ = {isa = PBXBuildFile; fileRef = 4091152E1F16AE6100F4250B /* MMETrustKitWrapper.h */; };
		409115311F16AE6100F4250B /* MMETrustKitWrapper.m in Sources */ = {isa = PBXBuildFile; fileRef = 4091152F1F16AE6100F4250B /* MMETrustKitWrapper.m */; };
		409115321F16AE6100F4250B /* MMETrustKitWrapper.m in Sources */ = {isa = PBXBuildFile; fileRef = 4091152F1F16AE6100F4250B /* MMETrustKitWrapper.m */; };
		409115351F16BCD200F4250B /* MMECategoryLoader.h in Headers */ = {isa = PBXBuildFile; fileRef = 409115331F16BCD200F4250B /* MMECategoryLoader.h */; };
		409115361F16BCD200F4250B /* MMECategoryLoader.m in Sources */ = {isa = PBXBuildFile; fileRef = 409115341F16BCD200F4250B /* MMECategoryLoader.m */; };
		409115371F16BCD200F4250B /* MMECategoryLoader.m in Sources */ = {isa = PBXBuildFile; fileRef = 409115341F16BCD200F4250B /* MMECategoryLoader.m */; };
		40A7F9921F79A743002B931F /* Cedar.framework in Frameworks */ = {isa = PBXBuildFile; fileRef = 40A7F9911F79A743002B931F /* Cedar.framework */; };
		40A7F9961F79A7CA002B931F /* MMEUniqueIdentifierTests.mm in Sources */ = {isa = PBXBuildFile; fileRef = 40A7F9951F79A7CA002B931F /* MMEUniqueIdentifierTests.mm */; };
		40AE58431EA6C86C0046B437 /* MMEUIApplicationWrapper.h in Headers */ = {isa = PBXBuildFile; fileRef = 40AE58411EA6C86C0046B437 /* MMEUIApplicationWrapper.h */; };
		40AE58441EA6C86C0046B437 /* MMEUIApplicationWrapper.m in Sources */ = {isa = PBXBuildFile; fileRef = 40AE58421EA6C86C0046B437 /* MMEUIApplicationWrapper.m */; };
		40AE58471EA6C9F10046B437 /* MMEUIApplicationWrapperFake.m in Sources */ = {isa = PBXBuildFile; fileRef = 40AE58461EA6C9F10046B437 /* MMEUIApplicationWrapperFake.m */; };
		40AE584B1EA80EA90046B437 /* MMETestStub.m in Sources */ = {isa = PBXBuildFile; fileRef = 40AE584A1EA80EA90046B437 /* MMETestStub.m */; };
		40AE584E1EA926710046B437 /* MMETypes.h in Headers */ = {isa = PBXBuildFile; fileRef = 40AE584C1EA926710046B437 /* MMETypes.h */; settings = {ATTRIBUTES = (Public, ); }; };
		40AE584F1EA926710046B437 /* MMETypes.m in Sources */ = {isa = PBXBuildFile; fileRef = 40AE584D1EA926710046B437 /* MMETypes.m */; };
		40AE58561EA932DB0046B437 /* MMEConstants.h in Headers */ = {isa = PBXBuildFile; fileRef = 40AE58541EA932DB0046B437 /* MMEConstants.h */; settings = {ATTRIBUTES = (Public, ); }; };
		40AE58571EA932DB0046B437 /* MMEConstants.m in Sources */ = {isa = PBXBuildFile; fileRef = 40AE58551EA932DB0046B437 /* MMEConstants.m */; };
		40AE585A1EA9373F0046B437 /* MMEUniqueIdentifier.h in Headers */ = {isa = PBXBuildFile; fileRef = 40AE58581EA9373F0046B437 /* MMEUniqueIdentifier.h */; };
		40AE585B1EA9373F0046B437 /* MMEUniqueIdentifier.m in Sources */ = {isa = PBXBuildFile; fileRef = 40AE58591EA9373F0046B437 /* MMEUniqueIdentifier.m */; };
		40AE585E1EA93B3A0046B437 /* MMECommonEventData.h in Headers */ = {isa = PBXBuildFile; fileRef = 40AE585C1EA93B3A0046B437 /* MMECommonEventData.h */; };
		40AE585F1EA93B3A0046B437 /* MMECommonEventData.m in Sources */ = {isa = PBXBuildFile; fileRef = 40AE585D1EA93B3A0046B437 /* MMECommonEventData.m */; };
		40AE58691EA953970046B437 /* CLLocation+MMEMobileEvents.h in Headers */ = {isa = PBXBuildFile; fileRef = 40AE58671EA953970046B437 /* CLLocation+MMEMobileEvents.h */; };
		40AE586A1EA953970046B437 /* CLLocation+MMEMobileEvents.m in Sources */ = {isa = PBXBuildFile; fileRef = 40AE58681EA953970046B437 /* CLLocation+MMEMobileEvents.m */; };
		40AE586D1EA95EDD0046B437 /* MMEEvent.h in Headers */ = {isa = PBXBuildFile; fileRef = 40AE586B1EA95EDD0046B437 /* MMEEvent.h */; settings = {ATTRIBUTES = (Public, ); }; };
		40AE586E1EA95EDD0046B437 /* MMEEvent.m in Sources */ = {isa = PBXBuildFile; fileRef = 40AE586C1EA95EDD0046B437 /* MMEEvent.m */; };
		40AE58711EAA87960046B437 /* MMEAPIClient.h in Headers */ = {isa = PBXBuildFile; fileRef = 40AE586F1EAA87960046B437 /* MMEAPIClient.h */; };
		40AE58721EAA87960046B437 /* MMEAPIClient.m in Sources */ = {isa = PBXBuildFile; fileRef = 40AE58701EAA87960046B437 /* MMEAPIClient.m */; };
		40BE71021EB7C3EC00D690F3 /* Localizable.strings in Resources */ = {isa = PBXBuildFile; fileRef = 40BE71011EB7C3EC00D690F3 /* Localizable.strings */; };
		40C611471F18319000E30A6C /* configuration_utils.h in Headers */ = {isa = PBXBuildFile; fileRef = 40C6110A1F18319000E30A6C /* configuration_utils.h */; };
		40C611481F18319000E30A6C /* configuration_utils.m in Sources */ = {isa = PBXBuildFile; fileRef = 40C6110B1F18319000E30A6C /* configuration_utils.m */; };
		40C611491F18319000E30A6C /* configuration_utils.m in Sources */ = {isa = PBXBuildFile; fileRef = 40C6110B1F18319000E30A6C /* configuration_utils.m */; };
		40C611601F18319000E30A6C /* parse_configuration.h in Headers */ = {isa = PBXBuildFile; fileRef = 40C611231F18319000E30A6C /* parse_configuration.h */; };
		40C611611F18319000E30A6C /* parse_configuration.m in Sources */ = {isa = PBXBuildFile; fileRef = 40C611241F18319000E30A6C /* parse_configuration.m */; };
		40C611621F18319000E30A6C /* parse_configuration.m in Sources */ = {isa = PBXBuildFile; fileRef = 40C611241F18319000E30A6C /* parse_configuration.m */; };
		40C611631F18319000E30A6C /* ssl_pin_verifier.h in Headers */ = {isa = PBXBuildFile; fileRef = 40C611261F18319000E30A6C /* ssl_pin_verifier.h */; };
		40C611641F18319000E30A6C /* ssl_pin_verifier.m in Sources */ = {isa = PBXBuildFile; fileRef = 40C611271F18319000E30A6C /* ssl_pin_verifier.m */; };
		40C611651F18319000E30A6C /* ssl_pin_verifier.m in Sources */ = {isa = PBXBuildFile; fileRef = 40C611271F18319000E30A6C /* ssl_pin_verifier.m */; };
		40C611661F18319000E30A6C /* TSKPublicKeyAlgorithm.h in Headers */ = {isa = PBXBuildFile; fileRef = 40C611281F18319000E30A6C /* TSKPublicKeyAlgorithm.h */; };
		40C611671F18319000E30A6C /* TSKSPKIHashCache.h in Headers */ = {isa = PBXBuildFile; fileRef = 40C611291F18319000E30A6C /* TSKSPKIHashCache.h */; };
		40C611681F18319000E30A6C /* TSKSPKIHashCache.m in Sources */ = {isa = PBXBuildFile; fileRef = 40C6112A1F18319000E30A6C /* TSKSPKIHashCache.m */; };
		40C611691F18319000E30A6C /* TSKSPKIHashCache.m in Sources */ = {isa = PBXBuildFile; fileRef = 40C6112A1F18319000E30A6C /* TSKSPKIHashCache.m */; };
		40C6116A1F18319000E30A6C /* reporting_utils.h in Headers */ = {isa = PBXBuildFile; fileRef = 40C6112C1F18319000E30A6C /* reporting_utils.h */; };
		40C6116B1F18319000E30A6C /* reporting_utils.m in Sources */ = {isa = PBXBuildFile; fileRef = 40C6112D1F18319000E30A6C /* reporting_utils.m */; };
		40C6116C1F18319000E30A6C /* reporting_utils.m in Sources */ = {isa = PBXBuildFile; fileRef = 40C6112D1F18319000E30A6C /* reporting_utils.m */; };
		40C6116D1F18319000E30A6C /* TSKBackgroundReporter.h in Headers */ = {isa = PBXBuildFile; fileRef = 40C6112E1F18319000E30A6C /* TSKBackgroundReporter.h */; };
		40C6116E1F18319000E30A6C /* TSKBackgroundReporter.m in Sources */ = {isa = PBXBuildFile; fileRef = 40C6112F1F18319000E30A6C /* TSKBackgroundReporter.m */; };
		40C6116F1F18319000E30A6C /* TSKBackgroundReporter.m in Sources */ = {isa = PBXBuildFile; fileRef = 40C6112F1F18319000E30A6C /* TSKBackgroundReporter.m */; };
		40C611701F18319000E30A6C /* TSKPinFailureReport.h in Headers */ = {isa = PBXBuildFile; fileRef = 40C611301F18319000E30A6C /* TSKPinFailureReport.h */; };
		40C611711F18319000E30A6C /* TSKPinFailureReport.m in Sources */ = {isa = PBXBuildFile; fileRef = 40C611311F18319000E30A6C /* TSKPinFailureReport.m */; };
		40C611721F18319000E30A6C /* TSKPinFailureReport.m in Sources */ = {isa = PBXBuildFile; fileRef = 40C611311F18319000E30A6C /* TSKPinFailureReport.m */; };
		40C611731F18319000E30A6C /* TSKReportsRateLimiter.h in Headers */ = {isa = PBXBuildFile; fileRef = 40C611321F18319000E30A6C /* TSKReportsRateLimiter.h */; };
		40C611741F18319000E30A6C /* TSKReportsRateLimiter.m in Sources */ = {isa = PBXBuildFile; fileRef = 40C611331F18319000E30A6C /* TSKReportsRateLimiter.m */; };
		40C611751F18319000E30A6C /* TSKReportsRateLimiter.m in Sources */ = {isa = PBXBuildFile; fileRef = 40C611331F18319000E30A6C /* TSKReportsRateLimiter.m */; };
		40C611761F18319000E30A6C /* vendor_identifier.h in Headers */ = {isa = PBXBuildFile; fileRef = 40C611341F18319000E30A6C /* vendor_identifier.h */; };
		40C611771F18319000E30A6C /* vendor_identifier.m in Sources */ = {isa = PBXBuildFile; fileRef = 40C611351F18319000E30A6C /* vendor_identifier.m */; };
		40C611781F18319000E30A6C /* vendor_identifier.m in Sources */ = {isa = PBXBuildFile; fileRef = 40C611351F18319000E30A6C /* vendor_identifier.m */; };
		40C6117F1F18319000E30A6C /* TrustKit.h in Headers */ = {isa = PBXBuildFile; fileRef = 40C6113B1F18319000E30A6C /* TrustKit.h */; };
		40C611801F18319000E30A6C /* TrustKit.m in Sources */ = {isa = PBXBuildFile; fileRef = 40C6113C1F18319000E30A6C /* TrustKit.m */; };
		40C611811F18319000E30A6C /* TrustKit.m in Sources */ = {isa = PBXBuildFile; fileRef = 40C6113C1F18319000E30A6C /* TrustKit.m */; };
		40C611821F18319000E30A6C /* TSKLog.h in Headers */ = {isa = PBXBuildFile; fileRef = 40C6113D1F18319000E30A6C /* TSKLog.h */; };
		40C611831F18319000E30A6C /* TSKPinningValidator.h in Headers */ = {isa = PBXBuildFile; fileRef = 40C6113E1F18319000E30A6C /* TSKPinningValidator.h */; };
		40C611841F18319000E30A6C /* TSKPinningValidator.m in Sources */ = {isa = PBXBuildFile; fileRef = 40C6113F1F18319000E30A6C /* TSKPinningValidator.m */; };
		40C611851F18319000E30A6C /* TSKPinningValidator.m in Sources */ = {isa = PBXBuildFile; fileRef = 40C6113F1F18319000E30A6C /* TSKPinningValidator.m */; };
		40C611861F18319000E30A6C /* TSKPinningValidator_Private.h in Headers */ = {isa = PBXBuildFile; fileRef = 40C611401F18319000E30A6C /* TSKPinningValidator_Private.h */; };
		40C611871F18319000E30A6C /* TSKPinningValidatorCallback.h in Headers */ = {isa = PBXBuildFile; fileRef = 40C611411F18319000E30A6C /* TSKPinningValidatorCallback.h */; };
		40C611881F18319000E30A6C /* TSKPinningValidatorResult.h in Headers */ = {isa = PBXBuildFile; fileRef = 40C611421F18319000E30A6C /* TSKPinningValidatorResult.h */; };
		40C611891F18319000E30A6C /* TSKPinningValidatorResult.m in Sources */ = {isa = PBXBuildFile; fileRef = 40C611431F18319000E30A6C /* TSKPinningValidatorResult.m */; };
		40C6118A1F18319000E30A6C /* TSKPinningValidatorResult.m in Sources */ = {isa = PBXBuildFile; fileRef = 40C611431F18319000E30A6C /* TSKPinningValidatorResult.m */; };
		40C6118B1F18319000E30A6C /* TSKTrustDecision.h in Headers */ = {isa = PBXBuildFile; fileRef = 40C611441F18319000E30A6C /* TSKTrustDecision.h */; };
		40C6118C1F18319000E30A6C /* TSKTrustKitConfig.h in Headers */ = {isa = PBXBuildFile; fileRef = 40C611451F18319000E30A6C /* TSKTrustKitConfig.h */; };
		40C6118D1F18319000E30A6C /* TSKTrustKitConfig.m in Sources */ = {isa = PBXBuildFile; fileRef = 40C611461F18319000E30A6C /* TSKTrustKitConfig.m */; };
		40C6118E1F18319000E30A6C /* TSKTrustKitConfig.m in Sources */ = {isa = PBXBuildFile; fileRef = 40C611461F18319000E30A6C /* TSKTrustKitConfig.m */; };
		40C9E27B1EA542BC00744FE7 /* MMEEventsManager.h in Headers */ = {isa = PBXBuildFile; fileRef = 40C9E2791EA542BC00744FE7 /* MMEEventsManager.h */; settings = {ATTRIBUTES = (Public, ); }; };
		40C9E27C1EA542BC00744FE7 /* MMEEventsManager.m in Sources */ = {isa = PBXBuildFile; fileRef = 40C9E27A1EA542BC00744FE7 /* MMEEventsManager.m */; };
		40C9E27F1EA5473F00744FE7 /* MMELocationManager.h in Headers */ = {isa = PBXBuildFile; fileRef = 40C9E27D1EA5473F00744FE7 /* MMELocationManager.h */; };
		40C9E2801EA5473F00744FE7 /* MMELocationManager.m in Sources */ = {isa = PBXBuildFile; fileRef = 40C9E27E1EA5473F00744FE7 /* MMELocationManager.m */; };
		40F133531F20051E007B4096 /* NSData+MMEGZIP.m in Sources */ = {isa = PBXBuildFile; fileRef = 40F133511F20051E007B4096 /* NSData+MMEGZIP.m */; };
		40F133541F20051E007B4096 /* NSData+MMEGZIP.h in Headers */ = {isa = PBXBuildFile; fileRef = 40F133521F20051E007B4096 /* NSData+MMEGZIP.h */; };
		40F133551F200524007B4096 /* NSData+MMEGZIP.m in Sources */ = {isa = PBXBuildFile; fileRef = 40F133511F20051E007B4096 /* NSData+MMEGZIP.m */; };
		40F16C7E1F01DF5700DF338D /* MMELocationManagerFake.m in Sources */ = {isa = PBXBuildFile; fileRef = 40F16C7D1F01DF5700DF338D /* MMELocationManagerFake.m */; };
		40F16C811F02DA9F00DF338D /* MMENSDateWrapper.h in Headers */ = {isa = PBXBuildFile; fileRef = 40F16C7F1F02DA9F00DF338D /* MMENSDateWrapper.h */; };
		40F16C821F02DA9F00DF338D /* MMENSDateWrapper.m in Sources */ = {isa = PBXBuildFile; fileRef = 40F16C801F02DA9F00DF338D /* MMENSDateWrapper.m */; };
		40F16C831F02DA9F00DF338D /* MMENSDateWrapper.m in Sources */ = {isa = PBXBuildFile; fileRef = 40F16C801F02DA9F00DF338D /* MMENSDateWrapper.m */; };
		40F16C861F02DB6300DF338D /* MMENSDateWrapperFake.m in Sources */ = {isa = PBXBuildFile; fileRef = 40F16C851F02DB6300DF338D /* MMENSDateWrapperFake.m */; };
		40F16C901F042F2A00DF338D /* MMETypes.h in CopyFiles */ = {isa = PBXBuildFile; fileRef = 40AE584C1EA926710046B437 /* MMETypes.h */; };
		40F16C961F04514100DF338D /* reachability.h in Headers */ = {isa = PBXBuildFile; fileRef = 40F16C941F04514100DF338D /* reachability.h */; };
		40F16C971F04514100DF338D /* reachability.m in Sources */ = {isa = PBXBuildFile; fileRef = 40F16C951F04514100DF338D /* reachability.m */; };
		40F16C981F04514100DF338D /* reachability.m in Sources */ = {isa = PBXBuildFile; fileRef = 40F16C951F04514100DF338D /* reachability.m */; };
		40FB43771EF9EA7800EC5BC0 /* MMEEventsConfiguration.h in Headers */ = {isa = PBXBuildFile; fileRef = 40FB43751EF9EA7800EC5BC0 /* MMEEventsConfiguration.h */; };
		40FB43781EF9EA7800EC5BC0 /* MMEEventsConfiguration.m in Sources */ = {isa = PBXBuildFile; fileRef = 40FB43761EF9EA7800EC5BC0 /* MMEEventsConfiguration.m */; };
		40FB43791EF9EA7800EC5BC0 /* MMEEventsConfiguration.m in Sources */ = {isa = PBXBuildFile; fileRef = 40FB43761EF9EA7800EC5BC0 /* MMEEventsConfiguration.m */; };
		40FB437C1EFAFAE900EC5BC0 /* MMETimerManager.h in Headers */ = {isa = PBXBuildFile; fileRef = 40FB437A1EFAFAE900EC5BC0 /* MMETimerManager.h */; };
		40FB437D1EFAFAE900EC5BC0 /* MMETimerManager.m in Sources */ = {isa = PBXBuildFile; fileRef = 40FB437B1EFAFAE900EC5BC0 /* MMETimerManager.m */; };
		40FB437E1EFAFAE900EC5BC0 /* MMETimerManager.m in Sources */ = {isa = PBXBuildFile; fileRef = 40FB437B1EFAFAE900EC5BC0 /* MMETimerManager.m */; };
		40FB43801EFAFDCF00EC5BC0 /* MMETimerManagerTests.m in Sources */ = {isa = PBXBuildFile; fileRef = 40FB437F1EFAFDCF00EC5BC0 /* MMETimerManagerTests.m */; };
		ACB6F21E1F7BF71B0032A916 /* MMELocationManagerTests.mm in Sources */ = {isa = PBXBuildFile; fileRef = ACB6F21D1F7BF71B0032A916 /* MMELocationManagerTests.mm */; };
		ACD86DA01F96A77700DD2A8D /* MMEAPIClientTests.mm in Sources */ = {isa = PBXBuildFile; fileRef = ACD86D9F1F96A77700DD2A8D /* MMEAPIClientTests.mm */; };
/* End PBXBuildFile section */

/* Begin PBXContainerItemProxy section */
		404807C41EA186D8008A6D50 /* PBXContainerItemProxy */ = {
			isa = PBXContainerItemProxy;
			containerPortal = 404807B01EA186D8008A6D50 /* Project object */;
			proxyType = 1;
			remoteGlobalIDString = 404807B81EA186D8008A6D50;
			remoteInfo = MapboxMobileMetrics;
		};
		4085967F1ED09173003BD29D /* PBXContainerItemProxy */ = {
			isa = PBXContainerItemProxy;
			containerPortal = 404807B01EA186D8008A6D50 /* Project object */;
			proxyType = 1;
			remoteGlobalIDString = 4085966E1ED08FF7003BD29D;
			remoteInfo = resources;
		};
/* End PBXContainerItemProxy section */

/* Begin PBXCopyFilesBuildPhase section */
		408596511ED084C0003BD29D /* CopyFiles */ = {
			isa = PBXCopyFilesBuildPhase;
			buildActionMask = 2147483647;
			dstPath = include/MapboxMobileEvents;
			dstSubfolderSpec = 16;
			files = (
				40F16C901F042F2A00DF338D /* MMETypes.h in CopyFiles */,
				408596DA1ED0BF35003BD29D /* MMEConstants.h in CopyFiles */,
				408596D81ED0B1F6003BD29D /* MMEEvent.h in CopyFiles */,
				408596D91ED0B1F6003BD29D /* MMEEventsManager.h in CopyFiles */,
				4085966A1ED08FA9003BD29D /* MapboxMobileEvents.h in CopyFiles */,
			);
			runOnlyForDeploymentPostprocessing = 0;
		};
/* End PBXCopyFilesBuildPhase section */

/* Begin PBXFileReference section */
		4002E6351F83155E0090D724 /* MMEEventsManagerTests.mm */ = {isa = PBXFileReference; lastKnownFileType = sourcecode.cpp.objcpp; path = MMEEventsManagerTests.mm; sourceTree = "<group>"; };
		40031E5C1EFC5CA1009EAB33 /* MMEUniqueIdentifierFake.h */ = {isa = PBXFileReference; lastKnownFileType = sourcecode.c.h; path = MMEUniqueIdentifierFake.h; sourceTree = "<group>"; };
		40031E5D1EFC5CA1009EAB33 /* MMEUniqueIdentifierFake.m */ = {isa = PBXFileReference; lastKnownFileType = sourcecode.c.objc; path = MMEUniqueIdentifierFake.m; sourceTree = "<group>"; };
		402F02A41F7DA28700E7FF06 /* Cartfile */ = {isa = PBXFileReference; fileEncoding = 4; lastKnownFileType = text; path = Cartfile; sourceTree = "<group>"; };
		402F02A51F7DA28700E7FF06 /* MapboxMobileEvents.podspec */ = {isa = PBXFileReference; fileEncoding = 4; lastKnownFileType = text; path = MapboxMobileEvents.podspec; sourceTree = "<group>"; };
		4032F47D1F1FEDC6001C1FBD /* libz.tbd */ = {isa = PBXFileReference; lastKnownFileType = "sourcecode.text-based-dylib-definition"; name = libz.tbd; path = usr/lib/libz.tbd; sourceTree = SDKROOT; };
		4036EFB91ED36F06009C40BA /* MMEAPIClientFake.h */ = {isa = PBXFileReference; fileEncoding = 4; lastKnownFileType = sourcecode.c.h; path = MMEAPIClientFake.h; sourceTree = "<group>"; };
		4036EFBA1ED36F06009C40BA /* MMEAPIClientFake.m */ = {isa = PBXFileReference; fileEncoding = 4; lastKnownFileType = sourcecode.c.objc; path = MMEAPIClientFake.m; sourceTree = "<group>"; };
		4036EFBC1ED37D56009C40BA /* MMEEventLogger.h */ = {isa = PBXFileReference; fileEncoding = 4; lastKnownFileType = sourcecode.c.h; path = MMEEventLogger.h; sourceTree = "<group>"; };
		4036EFBD1ED37D56009C40BA /* MMEEventLogger.m */ = {isa = PBXFileReference; fileEncoding = 4; lastKnownFileType = sourcecode.c.objc; path = MMEEventLogger.m; sourceTree = "<group>"; };
		403834FE1F7AC55D004205B9 /* MMENSDateWrapperTests.mm */ = {isa = PBXFileReference; lastKnownFileType = sourcecode.cpp.objcpp; path = MMENSDateWrapperTests.mm; sourceTree = "<group>"; };
		403835001F7AF145004205B9 /* MMEDependencyManager.h */ = {isa = PBXFileReference; lastKnownFileType = sourcecode.c.h; path = MMEDependencyManager.h; sourceTree = "<group>"; };
		403835011F7AF145004205B9 /* MMEDependencyManager.m */ = {isa = PBXFileReference; lastKnownFileType = sourcecode.c.objc; path = MMEDependencyManager.m; sourceTree = "<group>"; };
		403835051F7AF860004205B9 /* MMEDependencyManagerTests.mm */ = {isa = PBXFileReference; lastKnownFileType = sourcecode.cpp.objcpp; path = MMEDependencyManagerTests.mm; sourceTree = "<group>"; };
		404807B91EA186D8008A6D50 /* MapboxMobileEvents.framework */ = {isa = PBXFileReference; explicitFileType = wrapper.framework; includeInIndex = 0; path = MapboxMobileEvents.framework; sourceTree = BUILT_PRODUCTS_DIR; };
		404807BC1EA186D8008A6D50 /* MapboxMobileEvents.h */ = {isa = PBXFileReference; lastKnownFileType = sourcecode.c.h; path = MapboxMobileEvents.h; sourceTree = "<group>"; };
		404807BD1EA186D8008A6D50 /* Info.plist */ = {isa = PBXFileReference; lastKnownFileType = text.plist.xml; path = Info.plist; sourceTree = "<group>"; };
		404807C21EA186D8008A6D50 /* MapboxMobileEventsTests.xctest */ = {isa = PBXFileReference; explicitFileType = wrapper.cfbundle; includeInIndex = 0; path = MapboxMobileEventsTests.xctest; sourceTree = BUILT_PRODUCTS_DIR; };
		404807C91EA186D8008A6D50 /* Info.plist */ = {isa = PBXFileReference; lastKnownFileType = text.plist.xml; path = Info.plist; sourceTree = "<group>"; };
		404C5E221F85809400C026DD /* Scanfile */ = {isa = PBXFileReference; fileEncoding = 4; lastKnownFileType = text; path = Scanfile; sourceTree = "<group>"; };
		405172DB1EAFFA9400F8CDA1 /* MMENSURLSessionWrapper.h */ = {isa = PBXFileReference; fileEncoding = 4; lastKnownFileType = sourcecode.c.h; path = MMENSURLSessionWrapper.h; sourceTree = "<group>"; };
		405172DC1EAFFA9400F8CDA1 /* MMENSURLSessionWrapper.m */ = {isa = PBXFileReference; fileEncoding = 4; lastKnownFileType = sourcecode.c.objc; path = MMENSURLSessionWrapper.m; sourceTree = "<group>"; };
		405172E31EB13C6D00F8CDA1 /* MMENSURLSessionWrapperFake.h */ = {isa = PBXFileReference; fileEncoding = 4; lastKnownFileType = sourcecode.c.h; path = MMENSURLSessionWrapperFake.h; sourceTree = "<group>"; };
		405172E41EB13C6D00F8CDA1 /* MMENSURLSessionWrapperFake.m */ = {isa = PBXFileReference; fileEncoding = 4; lastKnownFileType = sourcecode.c.objc; path = MMENSURLSessionWrapperFake.m; sourceTree = "<group>"; };
		4052C4F11EFB4A740044E2FF /* MMETimerManagerFake.h */ = {isa = PBXFileReference; fileEncoding = 4; lastKnownFileType = sourcecode.c.h; path = MMETimerManagerFake.h; sourceTree = "<group>"; };
		4052C4F21EFB4A740044E2FF /* MMETimerManagerFake.m */ = {isa = PBXFileReference; fileEncoding = 4; lastKnownFileType = sourcecode.c.objc; path = MMETimerManagerFake.m; sourceTree = "<group>"; };
		408596531ED084C0003BD29D /* libMapboxMobileEventsStatic.a */ = {isa = PBXFileReference; explicitFileType = archive.ar; includeInIndex = 0; path = libMapboxMobileEventsStatic.a; sourceTree = BUILT_PRODUCTS_DIR; };
		4085966F1ED08FF7003BD29D /* resources.bundle */ = {isa = PBXFileReference; explicitFileType = wrapper.cfbundle; includeInIndex = 0; path = resources.bundle; sourceTree = BUILT_PRODUCTS_DIR; };
		408596711ED08FF7003BD29D /* Info.plist */ = {isa = PBXFileReference; lastKnownFileType = text.plist.xml; path = Info.plist; sourceTree = "<group>"; };
		4091152E1F16AE6100F4250B /* MMETrustKitWrapper.h */ = {isa = PBXFileReference; fileEncoding = 4; lastKnownFileType = sourcecode.c.h; path = MMETrustKitWrapper.h; sourceTree = "<group>"; };
		4091152F1F16AE6100F4250B /* MMETrustKitWrapper.m */ = {isa = PBXFileReference; fileEncoding = 4; lastKnownFileType = sourcecode.c.objc; path = MMETrustKitWrapper.m; sourceTree = "<group>"; };
		409115331F16BCD200F4250B /* MMECategoryLoader.h */ = {isa = PBXFileReference; fileEncoding = 4; lastKnownFileType = sourcecode.c.h; path = MMECategoryLoader.h; sourceTree = "<group>"; };
		409115341F16BCD200F4250B /* MMECategoryLoader.m */ = {isa = PBXFileReference; fileEncoding = 4; lastKnownFileType = sourcecode.c.objc; path = MMECategoryLoader.m; sourceTree = "<group>"; };
		40A7F9911F79A743002B931F /* Cedar.framework */ = {isa = PBXFileReference; lastKnownFileType = wrapper.framework; name = Cedar.framework; path = Carthage/Build/iOS/Cedar.framework; sourceTree = "<group>"; };
		40A7F9951F79A7CA002B931F /* MMEUniqueIdentifierTests.mm */ = {isa = PBXFileReference; lastKnownFileType = sourcecode.cpp.objcpp; path = MMEUniqueIdentifierTests.mm; sourceTree = "<group>"; };
		40AE58411EA6C86C0046B437 /* MMEUIApplicationWrapper.h */ = {isa = PBXFileReference; fileEncoding = 4; lastKnownFileType = sourcecode.c.h; path = MMEUIApplicationWrapper.h; sourceTree = "<group>"; };
		40AE58421EA6C86C0046B437 /* MMEUIApplicationWrapper.m */ = {isa = PBXFileReference; fileEncoding = 4; lastKnownFileType = sourcecode.c.objc; path = MMEUIApplicationWrapper.m; sourceTree = "<group>"; };
		40AE58451EA6C9F10046B437 /* MMEUIApplicationWrapperFake.h */ = {isa = PBXFileReference; fileEncoding = 4; lastKnownFileType = sourcecode.c.h; path = MMEUIApplicationWrapperFake.h; sourceTree = "<group>"; };
		40AE58461EA6C9F10046B437 /* MMEUIApplicationWrapperFake.m */ = {isa = PBXFileReference; fileEncoding = 4; lastKnownFileType = sourcecode.c.objc; path = MMEUIApplicationWrapperFake.m; sourceTree = "<group>"; };
		40AE58491EA80EA90046B437 /* MMETestStub.h */ = {isa = PBXFileReference; fileEncoding = 4; lastKnownFileType = sourcecode.c.h; path = MMETestStub.h; sourceTree = "<group>"; };
		40AE584A1EA80EA90046B437 /* MMETestStub.m */ = {isa = PBXFileReference; fileEncoding = 4; lastKnownFileType = sourcecode.c.objc; path = MMETestStub.m; sourceTree = "<group>"; };
		40AE584C1EA926710046B437 /* MMETypes.h */ = {isa = PBXFileReference; fileEncoding = 4; lastKnownFileType = sourcecode.c.h; path = MMETypes.h; sourceTree = "<group>"; };
		40AE584D1EA926710046B437 /* MMETypes.m */ = {isa = PBXFileReference; fileEncoding = 4; lastKnownFileType = sourcecode.c.objc; path = MMETypes.m; sourceTree = "<group>"; };
		40AE58541EA932DB0046B437 /* MMEConstants.h */ = {isa = PBXFileReference; fileEncoding = 4; lastKnownFileType = sourcecode.c.h; path = MMEConstants.h; sourceTree = "<group>"; };
		40AE58551EA932DB0046B437 /* MMEConstants.m */ = {isa = PBXFileReference; fileEncoding = 4; lastKnownFileType = sourcecode.c.objc; path = MMEConstants.m; sourceTree = "<group>"; };
		40AE58581EA9373F0046B437 /* MMEUniqueIdentifier.h */ = {isa = PBXFileReference; fileEncoding = 4; lastKnownFileType = sourcecode.c.h; path = MMEUniqueIdentifier.h; sourceTree = "<group>"; };
		40AE58591EA9373F0046B437 /* MMEUniqueIdentifier.m */ = {isa = PBXFileReference; fileEncoding = 4; lastKnownFileType = sourcecode.c.objc; path = MMEUniqueIdentifier.m; sourceTree = "<group>"; };
		40AE585C1EA93B3A0046B437 /* MMECommonEventData.h */ = {isa = PBXFileReference; fileEncoding = 4; lastKnownFileType = sourcecode.c.h; path = MMECommonEventData.h; sourceTree = "<group>"; };
		40AE585D1EA93B3A0046B437 /* MMECommonEventData.m */ = {isa = PBXFileReference; fileEncoding = 4; lastKnownFileType = sourcecode.c.objc; path = MMECommonEventData.m; sourceTree = "<group>"; };
		40AE58671EA953970046B437 /* CLLocation+MMEMobileEvents.h */ = {isa = PBXFileReference; fileEncoding = 4; lastKnownFileType = sourcecode.c.h; path = "CLLocation+MMEMobileEvents.h"; sourceTree = "<group>"; };
		40AE58681EA953970046B437 /* CLLocation+MMEMobileEvents.m */ = {isa = PBXFileReference; fileEncoding = 4; lastKnownFileType = sourcecode.c.objc; path = "CLLocation+MMEMobileEvents.m"; sourceTree = "<group>"; };
		40AE586B1EA95EDD0046B437 /* MMEEvent.h */ = {isa = PBXFileReference; fileEncoding = 4; lastKnownFileType = sourcecode.c.h; path = MMEEvent.h; sourceTree = "<group>"; };
		40AE586C1EA95EDD0046B437 /* MMEEvent.m */ = {isa = PBXFileReference; fileEncoding = 4; lastKnownFileType = sourcecode.c.objc; path = MMEEvent.m; sourceTree = "<group>"; };
		40AE586F1EAA87960046B437 /* MMEAPIClient.h */ = {isa = PBXFileReference; fileEncoding = 4; lastKnownFileType = sourcecode.c.h; path = MMEAPIClient.h; sourceTree = "<group>"; };
		40AE58701EAA87960046B437 /* MMEAPIClient.m */ = {isa = PBXFileReference; fileEncoding = 4; lastKnownFileType = sourcecode.c.objc; path = MMEAPIClient.m; sourceTree = "<group>"; };
		40BE71011EB7C3EC00D690F3 /* Localizable.strings */ = {isa = PBXFileReference; fileEncoding = 4; lastKnownFileType = text.plist.strings; path = Localizable.strings; sourceTree = "<group>"; };
		40C6110A1F18319000E30A6C /* configuration_utils.h */ = {isa = PBXFileReference; fileEncoding = 4; lastKnownFileType = sourcecode.c.h; path = configuration_utils.h; sourceTree = "<group>"; };
		40C6110B1F18319000E30A6C /* configuration_utils.m */ = {isa = PBXFileReference; fileEncoding = 4; lastKnownFileType = sourcecode.c.objc; path = configuration_utils.m; sourceTree = "<group>"; };
		40C611231F18319000E30A6C /* parse_configuration.h */ = {isa = PBXFileReference; fileEncoding = 4; lastKnownFileType = sourcecode.c.h; path = parse_configuration.h; sourceTree = "<group>"; };
		40C611241F18319000E30A6C /* parse_configuration.m */ = {isa = PBXFileReference; fileEncoding = 4; lastKnownFileType = sourcecode.c.objc; path = parse_configuration.m; sourceTree = "<group>"; };
		40C611261F18319000E30A6C /* ssl_pin_verifier.h */ = {isa = PBXFileReference; fileEncoding = 4; lastKnownFileType = sourcecode.c.h; path = ssl_pin_verifier.h; sourceTree = "<group>"; };
		40C611271F18319000E30A6C /* ssl_pin_verifier.m */ = {isa = PBXFileReference; fileEncoding = 4; lastKnownFileType = sourcecode.c.objc; path = ssl_pin_verifier.m; sourceTree = "<group>"; };
		40C611281F18319000E30A6C /* TSKPublicKeyAlgorithm.h */ = {isa = PBXFileReference; fileEncoding = 4; lastKnownFileType = sourcecode.c.h; path = TSKPublicKeyAlgorithm.h; sourceTree = "<group>"; };
		40C611291F18319000E30A6C /* TSKSPKIHashCache.h */ = {isa = PBXFileReference; fileEncoding = 4; lastKnownFileType = sourcecode.c.h; path = TSKSPKIHashCache.h; sourceTree = "<group>"; };
		40C6112A1F18319000E30A6C /* TSKSPKIHashCache.m */ = {isa = PBXFileReference; fileEncoding = 4; lastKnownFileType = sourcecode.c.objc; path = TSKSPKIHashCache.m; sourceTree = "<group>"; };
		40C6112C1F18319000E30A6C /* reporting_utils.h */ = {isa = PBXFileReference; fileEncoding = 4; lastKnownFileType = sourcecode.c.h; path = reporting_utils.h; sourceTree = "<group>"; };
		40C6112D1F18319000E30A6C /* reporting_utils.m */ = {isa = PBXFileReference; fileEncoding = 4; lastKnownFileType = sourcecode.c.objc; path = reporting_utils.m; sourceTree = "<group>"; };
		40C6112E1F18319000E30A6C /* TSKBackgroundReporter.h */ = {isa = PBXFileReference; fileEncoding = 4; lastKnownFileType = sourcecode.c.h; path = TSKBackgroundReporter.h; sourceTree = "<group>"; };
		40C6112F1F18319000E30A6C /* TSKBackgroundReporter.m */ = {isa = PBXFileReference; fileEncoding = 4; lastKnownFileType = sourcecode.c.objc; path = TSKBackgroundReporter.m; sourceTree = "<group>"; };
		40C611301F18319000E30A6C /* TSKPinFailureReport.h */ = {isa = PBXFileReference; fileEncoding = 4; lastKnownFileType = sourcecode.c.h; path = TSKPinFailureReport.h; sourceTree = "<group>"; };
		40C611311F18319000E30A6C /* TSKPinFailureReport.m */ = {isa = PBXFileReference; fileEncoding = 4; lastKnownFileType = sourcecode.c.objc; path = TSKPinFailureReport.m; sourceTree = "<group>"; };
		40C611321F18319000E30A6C /* TSKReportsRateLimiter.h */ = {isa = PBXFileReference; fileEncoding = 4; lastKnownFileType = sourcecode.c.h; path = TSKReportsRateLimiter.h; sourceTree = "<group>"; };
		40C611331F18319000E30A6C /* TSKReportsRateLimiter.m */ = {isa = PBXFileReference; fileEncoding = 4; lastKnownFileType = sourcecode.c.objc; path = TSKReportsRateLimiter.m; sourceTree = "<group>"; };
		40C611341F18319000E30A6C /* vendor_identifier.h */ = {isa = PBXFileReference; fileEncoding = 4; lastKnownFileType = sourcecode.c.h; path = vendor_identifier.h; sourceTree = "<group>"; };
		40C611351F18319000E30A6C /* vendor_identifier.m */ = {isa = PBXFileReference; fileEncoding = 4; lastKnownFileType = sourcecode.c.objc; path = vendor_identifier.m; sourceTree = "<group>"; };
		40C6113B1F18319000E30A6C /* TrustKit.h */ = {isa = PBXFileReference; fileEncoding = 4; lastKnownFileType = sourcecode.c.h; path = TrustKit.h; sourceTree = "<group>"; };
		40C6113C1F18319000E30A6C /* TrustKit.m */ = {isa = PBXFileReference; fileEncoding = 4; lastKnownFileType = sourcecode.c.objc; path = TrustKit.m; sourceTree = "<group>"; };
		40C6113D1F18319000E30A6C /* TSKLog.h */ = {isa = PBXFileReference; fileEncoding = 4; lastKnownFileType = sourcecode.c.h; path = TSKLog.h; sourceTree = "<group>"; };
		40C6113E1F18319000E30A6C /* TSKPinningValidator.h */ = {isa = PBXFileReference; fileEncoding = 4; lastKnownFileType = sourcecode.c.h; path = TSKPinningValidator.h; sourceTree = "<group>"; };
		40C6113F1F18319000E30A6C /* TSKPinningValidator.m */ = {isa = PBXFileReference; fileEncoding = 4; lastKnownFileType = sourcecode.c.objc; path = TSKPinningValidator.m; sourceTree = "<group>"; };
		40C611401F18319000E30A6C /* TSKPinningValidator_Private.h */ = {isa = PBXFileReference; fileEncoding = 4; lastKnownFileType = sourcecode.c.h; path = TSKPinningValidator_Private.h; sourceTree = "<group>"; };
		40C611411F18319000E30A6C /* TSKPinningValidatorCallback.h */ = {isa = PBXFileReference; fileEncoding = 4; lastKnownFileType = sourcecode.c.h; path = TSKPinningValidatorCallback.h; sourceTree = "<group>"; };
		40C611421F18319000E30A6C /* TSKPinningValidatorResult.h */ = {isa = PBXFileReference; fileEncoding = 4; lastKnownFileType = sourcecode.c.h; path = TSKPinningValidatorResult.h; sourceTree = "<group>"; };
		40C611431F18319000E30A6C /* TSKPinningValidatorResult.m */ = {isa = PBXFileReference; fileEncoding = 4; lastKnownFileType = sourcecode.c.objc; path = TSKPinningValidatorResult.m; sourceTree = "<group>"; };
		40C611441F18319000E30A6C /* TSKTrustDecision.h */ = {isa = PBXFileReference; fileEncoding = 4; lastKnownFileType = sourcecode.c.h; path = TSKTrustDecision.h; sourceTree = "<group>"; };
		40C611451F18319000E30A6C /* TSKTrustKitConfig.h */ = {isa = PBXFileReference; fileEncoding = 4; lastKnownFileType = sourcecode.c.h; path = TSKTrustKitConfig.h; sourceTree = "<group>"; };
		40C611461F18319000E30A6C /* TSKTrustKitConfig.m */ = {isa = PBXFileReference; fileEncoding = 4; lastKnownFileType = sourcecode.c.objc; path = TSKTrustKitConfig.m; sourceTree = "<group>"; };
		40C9E2791EA542BC00744FE7 /* MMEEventsManager.h */ = {isa = PBXFileReference; fileEncoding = 4; lastKnownFileType = sourcecode.c.h; path = MMEEventsManager.h; sourceTree = "<group>"; };
		40C9E27A1EA542BC00744FE7 /* MMEEventsManager.m */ = {isa = PBXFileReference; fileEncoding = 4; lastKnownFileType = sourcecode.c.objc; path = MMEEventsManager.m; sourceTree = "<group>"; };
		40C9E27D1EA5473F00744FE7 /* MMELocationManager.h */ = {isa = PBXFileReference; fileEncoding = 4; lastKnownFileType = sourcecode.c.h; path = MMELocationManager.h; sourceTree = "<group>"; };
		40C9E27E1EA5473F00744FE7 /* MMELocationManager.m */ = {isa = PBXFileReference; fileEncoding = 4; lastKnownFileType = sourcecode.c.objc; path = MMELocationManager.m; sourceTree = "<group>"; };
		40F133511F20051E007B4096 /* NSData+MMEGZIP.m */ = {isa = PBXFileReference; fileEncoding = 4; lastKnownFileType = sourcecode.c.objc; path = "NSData+MMEGZIP.m"; sourceTree = "<group>"; };
		40F133521F20051E007B4096 /* NSData+MMEGZIP.h */ = {isa = PBXFileReference; fileEncoding = 4; lastKnownFileType = sourcecode.c.h; path = "NSData+MMEGZIP.h"; sourceTree = "<group>"; };
		40F16C7C1F01DF5700DF338D /* MMELocationManagerFake.h */ = {isa = PBXFileReference; fileEncoding = 4; lastKnownFileType = sourcecode.c.h; path = MMELocationManagerFake.h; sourceTree = "<group>"; };
		40F16C7D1F01DF5700DF338D /* MMELocationManagerFake.m */ = {isa = PBXFileReference; fileEncoding = 4; lastKnownFileType = sourcecode.c.objc; path = MMELocationManagerFake.m; sourceTree = "<group>"; };
		40F16C7F1F02DA9F00DF338D /* MMENSDateWrapper.h */ = {isa = PBXFileReference; fileEncoding = 4; lastKnownFileType = sourcecode.c.h; path = MMENSDateWrapper.h; sourceTree = "<group>"; };
		40F16C801F02DA9F00DF338D /* MMENSDateWrapper.m */ = {isa = PBXFileReference; fileEncoding = 4; lastKnownFileType = sourcecode.c.objc; path = MMENSDateWrapper.m; sourceTree = "<group>"; };
		40F16C841F02DB6300DF338D /* MMENSDateWrapperFake.h */ = {isa = PBXFileReference; fileEncoding = 4; lastKnownFileType = sourcecode.c.h; path = MMENSDateWrapperFake.h; sourceTree = "<group>"; };
		40F16C851F02DB6300DF338D /* MMENSDateWrapperFake.m */ = {isa = PBXFileReference; fileEncoding = 4; lastKnownFileType = sourcecode.c.objc; path = MMENSDateWrapperFake.m; sourceTree = "<group>"; };
		40F16C941F04514100DF338D /* reachability.h */ = {isa = PBXFileReference; fileEncoding = 4; lastKnownFileType = sourcecode.c.h; path = reachability.h; sourceTree = "<group>"; };
		40F16C951F04514100DF338D /* reachability.m */ = {isa = PBXFileReference; fileEncoding = 4; lastKnownFileType = sourcecode.c.objc; path = reachability.m; sourceTree = "<group>"; };
		40FB43751EF9EA7800EC5BC0 /* MMEEventsConfiguration.h */ = {isa = PBXFileReference; fileEncoding = 4; lastKnownFileType = sourcecode.c.h; path = MMEEventsConfiguration.h; sourceTree = "<group>"; };
		40FB43761EF9EA7800EC5BC0 /* MMEEventsConfiguration.m */ = {isa = PBXFileReference; fileEncoding = 4; lastKnownFileType = sourcecode.c.objc; path = MMEEventsConfiguration.m; sourceTree = "<group>"; };
		40FB437A1EFAFAE900EC5BC0 /* MMETimerManager.h */ = {isa = PBXFileReference; fileEncoding = 4; lastKnownFileType = sourcecode.c.h; path = MMETimerManager.h; sourceTree = "<group>"; };
		40FB437B1EFAFAE900EC5BC0 /* MMETimerManager.m */ = {isa = PBXFileReference; fileEncoding = 4; lastKnownFileType = sourcecode.c.objc; path = MMETimerManager.m; sourceTree = "<group>"; };
		40FB437F1EFAFDCF00EC5BC0 /* MMETimerManagerTests.m */ = {isa = PBXFileReference; fileEncoding = 4; lastKnownFileType = sourcecode.c.objc; path = MMETimerManagerTests.m; sourceTree = "<group>"; };
		ACB6F21D1F7BF71B0032A916 /* MMELocationManagerTests.mm */ = {isa = PBXFileReference; lastKnownFileType = sourcecode.cpp.objcpp; path = MMELocationManagerTests.mm; sourceTree = "<group>"; };
		ACD86D9F1F96A77700DD2A8D /* MMEAPIClientTests.mm */ = {isa = PBXFileReference; lastKnownFileType = sourcecode.cpp.objcpp; path = MMEAPIClientTests.mm; sourceTree = "<group>"; };
/* End PBXFileReference section */

/* Begin PBXFrameworksBuildPhase section */
		404807B51EA186D8008A6D50 /* Frameworks */ = {
			isa = PBXFrameworksBuildPhase;
			buildActionMask = 2147483647;
			files = (
			);
			runOnlyForDeploymentPostprocessing = 0;
		};
		404807BF1EA186D8008A6D50 /* Frameworks */ = {
			isa = PBXFrameworksBuildPhase;
			buildActionMask = 2147483647;
			files = (
				404807C31EA186D8008A6D50 /* MapboxMobileEvents.framework in Frameworks */,
				40A7F9921F79A743002B931F /* Cedar.framework in Frameworks */,
			);
			runOnlyForDeploymentPostprocessing = 0;
		};
		408596501ED084C0003BD29D /* Frameworks */ = {
			isa = PBXFrameworksBuildPhase;
			buildActionMask = 2147483647;
			files = (
			);
			runOnlyForDeploymentPostprocessing = 0;
		};
		4085966C1ED08FF7003BD29D /* Frameworks */ = {
			isa = PBXFrameworksBuildPhase;
			buildActionMask = 2147483647;
			files = (
			);
			runOnlyForDeploymentPostprocessing = 0;
		};
/* End PBXFrameworksBuildPhase section */

/* Begin PBXGroup section */
		401379661F16F26E00567137 /* Vendor */ = {
			isa = PBXGroup;
			children = (
				40C611091F18319000E30A6C /* TrustKit */,
			);
			name = Vendor;
			sourceTree = "<group>";
		};
		4032F47C1F1FEDC6001C1FBD /* Frameworks */ = {
			isa = PBXGroup;
			children = (
				40A7F9911F79A743002B931F /* Cedar.framework */,
				4032F47D1F1FEDC6001C1FBD /* libz.tbd */,
			);
			name = Frameworks;
			sourceTree = "<group>";
		};
		404807AF1EA186D8008A6D50 = {
			isa = PBXGroup;
			children = (
				404C5E221F85809400C026DD /* Scanfile */,
				402F02A41F7DA28700E7FF06 /* Cartfile */,
				402F02A51F7DA28700E7FF06 /* MapboxMobileEvents.podspec */,
				404807BB1EA186D8008A6D50 /* MapboxMobileEvents */,
				404807C61EA186D8008A6D50 /* MapboxMobileEventsTests */,
				408596701ED08FF7003BD29D /* resources */,
				404807BA1EA186D8008A6D50 /* Products */,
				4032F47C1F1FEDC6001C1FBD /* Frameworks */,
			);
			sourceTree = "<group>";
		};
		404807BA1EA186D8008A6D50 /* Products */ = {
			isa = PBXGroup;
			children = (
				404807B91EA186D8008A6D50 /* MapboxMobileEvents.framework */,
				404807C21EA186D8008A6D50 /* MapboxMobileEventsTests.xctest */,
				408596531ED084C0003BD29D /* libMapboxMobileEventsStatic.a */,
				4085966F1ED08FF7003BD29D /* resources.bundle */,
			);
			name = Products;
			sourceTree = "<group>";
		};
		404807BB1EA186D8008A6D50 /* MapboxMobileEvents */ = {
			isa = PBXGroup;
			children = (
				404807BD1EA186D8008A6D50 /* Info.plist */,
				404807BC1EA186D8008A6D50 /* MapboxMobileEvents.h */,
				40AE586F1EAA87960046B437 /* MMEAPIClient.h */,
				40AE58701EAA87960046B437 /* MMEAPIClient.m */,
				40AE58541EA932DB0046B437 /* MMEConstants.h */,
				40AE58551EA932DB0046B437 /* MMEConstants.m */,
				40AE586B1EA95EDD0046B437 /* MMEEvent.h */,
				40AE586C1EA95EDD0046B437 /* MMEEvent.m */,
				4036EFBC1ED37D56009C40BA /* MMEEventLogger.h */,
				4036EFBD1ED37D56009C40BA /* MMEEventLogger.m */,
				40FB43751EF9EA7800EC5BC0 /* MMEEventsConfiguration.h */,
				40FB43761EF9EA7800EC5BC0 /* MMEEventsConfiguration.m */,
				40C9E2791EA542BC00744FE7 /* MMEEventsManager.h */,
				40C9E27A1EA542BC00744FE7 /* MMEEventsManager.m */,
				40C9E27D1EA5473F00744FE7 /* MMELocationManager.h */,
				40C9E27E1EA5473F00744FE7 /* MMELocationManager.m */,
				40FB437A1EFAFAE900EC5BC0 /* MMETimerManager.h */,
				40FB437B1EFAFAE900EC5BC0 /* MMETimerManager.m */,
				40AE584C1EA926710046B437 /* MMETypes.h */,
				40AE584D1EA926710046B437 /* MMETypes.m */,
				40AE58601EA94E4A0046B437 /* Categories */,
				40F16C931F04514100DF338D /* Reachability */,
				40AE587B1EAA8D810046B437 /* Resources */,
				40C9E2841EA5615900744FE7 /* Utilities */,
				401379661F16F26E00567137 /* Vendor */,
			);
			path = MapboxMobileEvents;
			sourceTree = "<group>";
		};
		404807C61EA186D8008A6D50 /* MapboxMobileEventsTests */ = {
			isa = PBXGroup;
			children = (
				404807C91EA186D8008A6D50 /* Info.plist */,
				40AE58481EA80E5E0046B437 /* Utilities */,
				40C9E28B1EA5762F00744FE7 /* Fakes */,
				4002E6351F83155E0090D724 /* MMEEventsManagerTests.mm */,
				ACD86D9F1F96A77700DD2A8D /* MMEAPIClientTests.mm */,
				40A7F9951F79A7CA002B931F /* MMEUniqueIdentifierTests.mm */,
				403834FE1F7AC55D004205B9 /* MMENSDateWrapperTests.mm */,
				403835051F7AF860004205B9 /* MMEDependencyManagerTests.mm */,
				ACB6F21D1F7BF71B0032A916 /* MMELocationManagerTests.mm */,
				40FB437F1EFAFDCF00EC5BC0 /* MMETimerManagerTests.m */,
			);
			path = MapboxMobileEventsTests;
			sourceTree = "<group>";
		};
		408596701ED08FF7003BD29D /* resources */ = {
			isa = PBXGroup;
			children = (
				408596711ED08FF7003BD29D /* Info.plist */,
			);
			path = resources;
			sourceTree = "<group>";
		};
		40AE58481EA80E5E0046B437 /* Utilities */ = {
			isa = PBXGroup;
			children = (
				40AE58491EA80EA90046B437 /* MMETestStub.h */,
				40AE584A1EA80EA90046B437 /* MMETestStub.m */,
			);
			name = Utilities;
			sourceTree = "<group>";
		};
		40AE58601EA94E4A0046B437 /* Categories */ = {
			isa = PBXGroup;
			children = (
				40F133521F20051E007B4096 /* NSData+MMEGZIP.h */,
				40F133511F20051E007B4096 /* NSData+MMEGZIP.m */,
				409115331F16BCD200F4250B /* MMECategoryLoader.h */,
				409115341F16BCD200F4250B /* MMECategoryLoader.m */,
				40AE58671EA953970046B437 /* CLLocation+MMEMobileEvents.h */,
				40AE58681EA953970046B437 /* CLLocation+MMEMobileEvents.m */,
			);
			name = Categories;
			sourceTree = "<group>";
		};
		40AE587B1EAA8D810046B437 /* Resources */ = {
			isa = PBXGroup;
			children = (
				40BE71011EB7C3EC00D690F3 /* Localizable.strings */,
			);
			path = Resources;
			sourceTree = "<group>";
		};
		40C611091F18319000E30A6C /* TrustKit */ = {
			isa = PBXGroup;
			children = (
				40C6110A1F18319000E30A6C /* configuration_utils.h */,
				40C6110B1F18319000E30A6C /* configuration_utils.m */,
				40C611231F18319000E30A6C /* parse_configuration.h */,
				40C611241F18319000E30A6C /* parse_configuration.m */,
				40C611251F18319000E30A6C /* Pinning */,
				40C6112B1F18319000E30A6C /* Reporting */,
				40C6113B1F18319000E30A6C /* TrustKit.h */,
				40C6113C1F18319000E30A6C /* TrustKit.m */,
				40C6113D1F18319000E30A6C /* TSKLog.h */,
				40C6113E1F18319000E30A6C /* TSKPinningValidator.h */,
				40C6113F1F18319000E30A6C /* TSKPinningValidator.m */,
				40C611401F18319000E30A6C /* TSKPinningValidator_Private.h */,
				40C611411F18319000E30A6C /* TSKPinningValidatorCallback.h */,
				40C611421F18319000E30A6C /* TSKPinningValidatorResult.h */,
				40C611431F18319000E30A6C /* TSKPinningValidatorResult.m */,
				40C611441F18319000E30A6C /* TSKTrustDecision.h */,
				40C611451F18319000E30A6C /* TSKTrustKitConfig.h */,
				40C611461F18319000E30A6C /* TSKTrustKitConfig.m */,
			);
			name = TrustKit;
			path = vendor/TrustKit;
			sourceTree = SOURCE_ROOT;
		};
		40C611251F18319000E30A6C /* Pinning */ = {
			isa = PBXGroup;
			children = (
				40C611261F18319000E30A6C /* ssl_pin_verifier.h */,
				40C611271F18319000E30A6C /* ssl_pin_verifier.m */,
				40C611281F18319000E30A6C /* TSKPublicKeyAlgorithm.h */,
				40C611291F18319000E30A6C /* TSKSPKIHashCache.h */,
				40C6112A1F18319000E30A6C /* TSKSPKIHashCache.m */,
			);
			path = Pinning;
			sourceTree = "<group>";
		};
		40C6112B1F18319000E30A6C /* Reporting */ = {
			isa = PBXGroup;
			children = (
				40C6112C1F18319000E30A6C /* reporting_utils.h */,
				40C6112D1F18319000E30A6C /* reporting_utils.m */,
				40C6112E1F18319000E30A6C /* TSKBackgroundReporter.h */,
				40C6112F1F18319000E30A6C /* TSKBackgroundReporter.m */,
				40C611301F18319000E30A6C /* TSKPinFailureReport.h */,
				40C611311F18319000E30A6C /* TSKPinFailureReport.m */,
				40C611321F18319000E30A6C /* TSKReportsRateLimiter.h */,
				40C611331F18319000E30A6C /* TSKReportsRateLimiter.m */,
				40C611341F18319000E30A6C /* vendor_identifier.h */,
				40C611351F18319000E30A6C /* vendor_identifier.m */,
			);
			path = Reporting;
			sourceTree = "<group>";
		};
		40C9E2841EA5615900744FE7 /* Utilities */ = {
			isa = PBXGroup;
			children = (
				40AE58411EA6C86C0046B437 /* MMEUIApplicationWrapper.h */,
				40AE58421EA6C86C0046B437 /* MMEUIApplicationWrapper.m */,
				40AE58581EA9373F0046B437 /* MMEUniqueIdentifier.h */,
				40AE58591EA9373F0046B437 /* MMEUniqueIdentifier.m */,
				40AE585C1EA93B3A0046B437 /* MMECommonEventData.h */,
				40AE585D1EA93B3A0046B437 /* MMECommonEventData.m */,
				405172DB1EAFFA9400F8CDA1 /* MMENSURLSessionWrapper.h */,
				405172DC1EAFFA9400F8CDA1 /* MMENSURLSessionWrapper.m */,
				40F16C7F1F02DA9F00DF338D /* MMENSDateWrapper.h */,
				40F16C801F02DA9F00DF338D /* MMENSDateWrapper.m */,
				4091152E1F16AE6100F4250B /* MMETrustKitWrapper.h */,
				4091152F1F16AE6100F4250B /* MMETrustKitWrapper.m */,
				403835001F7AF145004205B9 /* MMEDependencyManager.h */,
				403835011F7AF145004205B9 /* MMEDependencyManager.m */,
			);
			name = Utilities;
			sourceTree = "<group>";
		};
		40C9E28B1EA5762F00744FE7 /* Fakes */ = {
			isa = PBXGroup;
			children = (
				40AE58451EA6C9F10046B437 /* MMEUIApplicationWrapperFake.h */,
				40AE58461EA6C9F10046B437 /* MMEUIApplicationWrapperFake.m */,
				405172E31EB13C6D00F8CDA1 /* MMENSURLSessionWrapperFake.h */,
				405172E41EB13C6D00F8CDA1 /* MMENSURLSessionWrapperFake.m */,
				4036EFB91ED36F06009C40BA /* MMEAPIClientFake.h */,
				4036EFBA1ED36F06009C40BA /* MMEAPIClientFake.m */,
				4052C4F11EFB4A740044E2FF /* MMETimerManagerFake.h */,
				4052C4F21EFB4A740044E2FF /* MMETimerManagerFake.m */,
				40031E5C1EFC5CA1009EAB33 /* MMEUniqueIdentifierFake.h */,
				40031E5D1EFC5CA1009EAB33 /* MMEUniqueIdentifierFake.m */,
				40F16C7C1F01DF5700DF338D /* MMELocationManagerFake.h */,
				40F16C7D1F01DF5700DF338D /* MMELocationManagerFake.m */,
				40F16C841F02DB6300DF338D /* MMENSDateWrapperFake.h */,
				40F16C851F02DB6300DF338D /* MMENSDateWrapperFake.m */,
			);
			name = Fakes;
			sourceTree = "<group>";
		};
		40F16C931F04514100DF338D /* Reachability */ = {
			isa = PBXGroup;
			children = (
				40F16C941F04514100DF338D /* reachability.h */,
				40F16C951F04514100DF338D /* reachability.m */,
			);
			path = Reachability;
			sourceTree = "<group>";
		};
/* End PBXGroup section */

/* Begin PBXHeadersBuildPhase section */
		404807B61EA186D8008A6D50 /* Headers */ = {
			isa = PBXHeadersBuildPhase;
			buildActionMask = 2147483647;
			files = (
				40C611881F18319000E30A6C /* TSKPinningValidatorResult.h in Headers */,
				40C611821F18319000E30A6C /* TSKLog.h in Headers */,
				404807CA1EA186D8008A6D50 /* MapboxMobileEvents.h in Headers */,
				40C9E27F1EA5473F00744FE7 /* MMELocationManager.h in Headers */,
				40AE584E1EA926710046B437 /* MMETypes.h in Headers */,
				40F133541F20051E007B4096 /* NSData+MMEGZIP.h in Headers */,
				40AE58431EA6C86C0046B437 /* MMEUIApplicationWrapper.h in Headers */,
				40C611871F18319000E30A6C /* TSKPinningValidatorCallback.h in Headers */,
				40C611471F18319000E30A6C /* configuration_utils.h in Headers */,
				40AE585A1EA9373F0046B437 /* MMEUniqueIdentifier.h in Headers */,
				409115351F16BCD200F4250B /* MMECategoryLoader.h in Headers */,
				40AE58561EA932DB0046B437 /* MMEConstants.h in Headers */,
				40AE585E1EA93B3A0046B437 /* MMECommonEventData.h in Headers */,
				40FB437C1EFAFAE900EC5BC0 /* MMETimerManager.h in Headers */,
				40C6118C1F18319000E30A6C /* TSKTrustKitConfig.h in Headers */,
				4036EFBE1ED37D56009C40BA /* MMEEventLogger.h in Headers */,
				40AE58711EAA87960046B437 /* MMEAPIClient.h in Headers */,
				405172DD1EAFFA9400F8CDA1 /* MMENSURLSessionWrapper.h in Headers */,
				40FB43771EF9EA7800EC5BC0 /* MMEEventsConfiguration.h in Headers */,
				40C6116D1F18319000E30A6C /* TSKBackgroundReporter.h in Headers */,
				40C611761F18319000E30A6C /* vendor_identifier.h in Headers */,
				40C611661F18319000E30A6C /* TSKPublicKeyAlgorithm.h in Headers */,
				40AE58691EA953970046B437 /* CLLocation+MMEMobileEvents.h in Headers */,
				40C6118B1F18319000E30A6C /* TSKTrustDecision.h in Headers */,
				40F16C811F02DA9F00DF338D /* MMENSDateWrapper.h in Headers */,
				40C611601F18319000E30A6C /* parse_configuration.h in Headers */,
				40C6116A1F18319000E30A6C /* reporting_utils.h in Headers */,
				403835021F7AF145004205B9 /* MMEDependencyManager.h in Headers */,
				40AE586D1EA95EDD0046B437 /* MMEEvent.h in Headers */,
				40C611631F18319000E30A6C /* ssl_pin_verifier.h in Headers */,
				40C6117F1F18319000E30A6C /* TrustKit.h in Headers */,
				40C611701F18319000E30A6C /* TSKPinFailureReport.h in Headers */,
				409115301F16AE6100F4250B /* MMETrustKitWrapper.h in Headers */,
				40C611861F18319000E30A6C /* TSKPinningValidator_Private.h in Headers */,
				40C611831F18319000E30A6C /* TSKPinningValidator.h in Headers */,
				40C9E27B1EA542BC00744FE7 /* MMEEventsManager.h in Headers */,
				40C611731F18319000E30A6C /* TSKReportsRateLimiter.h in Headers */,
				40F16C961F04514100DF338D /* reachability.h in Headers */,
				40C611671F18319000E30A6C /* TSKSPKIHashCache.h in Headers */,
			);
			runOnlyForDeploymentPostprocessing = 0;
		};
/* End PBXHeadersBuildPhase section */

/* Begin PBXNativeTarget section */
		404807B81EA186D8008A6D50 /* MapboxMobileEvents */ = {
			isa = PBXNativeTarget;
			buildConfigurationList = 404807CD1EA186D8008A6D50 /* Build configuration list for PBXNativeTarget "MapboxMobileEvents" */;
			buildPhases = (
				404807B41EA186D8008A6D50 /* Sources */,
				404807B51EA186D8008A6D50 /* Frameworks */,
				404807B61EA186D8008A6D50 /* Headers */,
				404807B71EA186D8008A6D50 /* Resources */,
			);
			buildRules = (
			);
			dependencies = (
			);
			name = MapboxMobileEvents;
			productName = MapboxMobileEvents;
			productReference = 404807B91EA186D8008A6D50 /* MapboxMobileEvents.framework */;
			productType = "com.apple.product-type.framework";
		};
		404807C11EA186D8008A6D50 /* MapboxMobileEventsTests */ = {
			isa = PBXNativeTarget;
			buildConfigurationList = 404807D01EA186D8008A6D50 /* Build configuration list for PBXNativeTarget "MapboxMobileEventsTests" */;
			buildPhases = (
				404807BE1EA186D8008A6D50 /* Sources */,
				404807BF1EA186D8008A6D50 /* Frameworks */,
				404807C01EA186D8008A6D50 /* Resources */,
				40A7F9971F79A8E3002B931F /* ShellScript */,
			);
			buildRules = (
			);
			dependencies = (
				404807C51EA186D8008A6D50 /* PBXTargetDependency */,
			);
			name = MapboxMobileEventsTests;
			productName = MapboxMobileMetricsTests;
			productReference = 404807C21EA186D8008A6D50 /* MapboxMobileEventsTests.xctest */;
			productType = "com.apple.product-type.bundle.unit-test";
		};
		408596521ED084C0003BD29D /* MapboxMobileEventsStatic */ = {
			isa = PBXNativeTarget;
			buildConfigurationList = 4085965B1ED084C0003BD29D /* Build configuration list for PBXNativeTarget "MapboxMobileEventsStatic" */;
			buildPhases = (
				4085964F1ED084C0003BD29D /* Sources */,
				408596501ED084C0003BD29D /* Frameworks */,
				408596511ED084C0003BD29D /* CopyFiles */,
			);
			buildRules = (
			);
			dependencies = (
				408596801ED09173003BD29D /* PBXTargetDependency */,
			);
			name = MapboxMobileEventsStatic;
			productName = MapboxMobileEventsStatic;
			productReference = 408596531ED084C0003BD29D /* libMapboxMobileEventsStatic.a */;
			productType = "com.apple.product-type.library.static";
		};
		4085966E1ED08FF7003BD29D /* resources */ = {
			isa = PBXNativeTarget;
			buildConfigurationList = 408596721ED08FF7003BD29D /* Build configuration list for PBXNativeTarget "resources" */;
			buildPhases = (
				4085966B1ED08FF7003BD29D /* Sources */,
				4085966C1ED08FF7003BD29D /* Frameworks */,
				4085966D1ED08FF7003BD29D /* Resources */,
			);
			buildRules = (
			);
			dependencies = (
			);
			name = resources;
			productName = resources;
			productReference = 4085966F1ED08FF7003BD29D /* resources.bundle */;
			productType = "com.apple.product-type.bundle";
		};
/* End PBXNativeTarget section */

/* Begin PBXProject section */
		404807B01EA186D8008A6D50 /* Project object */ = {
			isa = PBXProject;
			attributes = {
				LastUpgradeCheck = 0830;
				ORGANIZATIONNAME = Mapbox;
				TargetAttributes = {
					404807B81EA186D8008A6D50 = {
						CreatedOnToolsVersion = 8.3.1;
						ProvisioningStyle = Manual;
					};
					404807C11EA186D8008A6D50 = {
						CreatedOnToolsVersion = 8.3.1;
						DevelopmentTeam = U2WTRY45TY;
						ProvisioningStyle = Automatic;
					};
					408596521ED084C0003BD29D = {
						CreatedOnToolsVersion = 8.3.2;
						ProvisioningStyle = Automatic;
					};
					4085966E1ED08FF7003BD29D = {
						CreatedOnToolsVersion = 8.3.2;
						ProvisioningStyle = Automatic;
					};
				};
			};
			buildConfigurationList = 404807B31EA186D8008A6D50 /* Build configuration list for PBXProject "MapboxMobileEvents" */;
			compatibilityVersion = "Xcode 3.2";
			developmentRegion = English;
			hasScannedForEncodings = 0;
			knownRegions = (
				en,
			);
			mainGroup = 404807AF1EA186D8008A6D50;
			productRefGroup = 404807BA1EA186D8008A6D50 /* Products */;
			projectDirPath = "";
			projectRoot = "";
			targets = (
				404807B81EA186D8008A6D50 /* MapboxMobileEvents */,
				408596521ED084C0003BD29D /* MapboxMobileEventsStatic */,
				404807C11EA186D8008A6D50 /* MapboxMobileEventsTests */,
				4085966E1ED08FF7003BD29D /* resources */,
			);
		};
/* End PBXProject section */

/* Begin PBXResourcesBuildPhase section */
		404807B71EA186D8008A6D50 /* Resources */ = {
			isa = PBXResourcesBuildPhase;
			buildActionMask = 2147483647;
			files = (
				402F02A61F7DA28700E7FF06 /* Cartfile in Resources */,
				404C5E231F85809400C026DD /* Scanfile in Resources */,
				402F02A71F7DA28700E7FF06 /* MapboxMobileEvents.podspec in Resources */,
				40BE71021EB7C3EC00D690F3 /* Localizable.strings in Resources */,
			);
			runOnlyForDeploymentPostprocessing = 0;
		};
		404807C01EA186D8008A6D50 /* Resources */ = {
			isa = PBXResourcesBuildPhase;
			buildActionMask = 2147483647;
			files = (
			);
			runOnlyForDeploymentPostprocessing = 0;
		};
		4085966D1ED08FF7003BD29D /* Resources */ = {
			isa = PBXResourcesBuildPhase;
			buildActionMask = 2147483647;
			files = (
				408596781ED0900A003BD29D /* Localizable.strings in Resources */,
			);
			runOnlyForDeploymentPostprocessing = 0;
		};
/* End PBXResourcesBuildPhase section */

/* Begin PBXShellScriptBuildPhase section */
		40A7F9971F79A8E3002B931F /* ShellScript */ = {
			isa = PBXShellScriptBuildPhase;
			buildActionMask = 2147483647;
			files = (
			);
			inputPaths = (
				"$(SRCROOT)/Carthage/Build/iOS/Cedar.framework",
			);
			outputPaths = (
			);
			runOnlyForDeploymentPostprocessing = 0;
			shellPath = /bin/sh;
			shellScript = "/usr/local/bin/carthage copy-frameworks";
		};
/* End PBXShellScriptBuildPhase section */

/* Begin PBXSourcesBuildPhase section */
		404807B41EA186D8008A6D50 /* Sources */ = {
			isa = PBXSourcesBuildPhase;
			buildActionMask = 2147483647;
			files = (
				40C6118D1F18319000E30A6C /* TSKTrustKitConfig.m in Sources */,
				40C611741F18319000E30A6C /* TSKReportsRateLimiter.m in Sources */,
				40C611481F18319000E30A6C /* configuration_utils.m in Sources */,
				40C6116B1F18319000E30A6C /* reporting_utils.m in Sources */,
				409115361F16BCD200F4250B /* MMECategoryLoader.m in Sources */,
				40C6116E1F18319000E30A6C /* TSKBackgroundReporter.m in Sources */,
				40F16C821F02DA9F00DF338D /* MMENSDateWrapper.m in Sources */,
				40C611801F18319000E30A6C /* TrustKit.m in Sources */,
				40C9E27C1EA542BC00744FE7 /* MMEEventsManager.m in Sources */,
				40AE58571EA932DB0046B437 /* MMEConstants.m in Sources */,
				40AE586A1EA953970046B437 /* CLLocation+MMEMobileEvents.m in Sources */,
				40AE58441EA6C86C0046B437 /* MMEUIApplicationWrapper.m in Sources */,
				4036EFBF1ED37D56009C40BA /* MMEEventLogger.m in Sources */,
				40FB43781EF9EA7800EC5BC0 /* MMEEventsConfiguration.m in Sources */,
				40C611711F18319000E30A6C /* TSKPinFailureReport.m in Sources */,
				40AE585F1EA93B3A0046B437 /* MMECommonEventData.m in Sources */,
				40C611611F18319000E30A6C /* parse_configuration.m in Sources */,
				40C611891F18319000E30A6C /* TSKPinningValidatorResult.m in Sources */,
				40F133531F20051E007B4096 /* NSData+MMEGZIP.m in Sources */,
				40FB437D1EFAFAE900EC5BC0 /* MMETimerManager.m in Sources */,
				403835031F7AF145004205B9 /* MMEDependencyManager.m in Sources */,
				40AE58721EAA87960046B437 /* MMEAPIClient.m in Sources */,
				40C611681F18319000E30A6C /* TSKSPKIHashCache.m in Sources */,
				40F16C971F04514100DF338D /* reachability.m in Sources */,
				40C9E2801EA5473F00744FE7 /* MMELocationManager.m in Sources */,
				40C611841F18319000E30A6C /* TSKPinningValidator.m in Sources */,
				40C611641F18319000E30A6C /* ssl_pin_verifier.m in Sources */,
				405172DE1EAFFA9400F8CDA1 /* MMENSURLSessionWrapper.m in Sources */,
				409115311F16AE6100F4250B /* MMETrustKitWrapper.m in Sources */,
				40AE586E1EA95EDD0046B437 /* MMEEvent.m in Sources */,
				40C611771F18319000E30A6C /* vendor_identifier.m in Sources */,
				40AE585B1EA9373F0046B437 /* MMEUniqueIdentifier.m in Sources */,
				40AE584F1EA926710046B437 /* MMETypes.m in Sources */,
			);
			runOnlyForDeploymentPostprocessing = 0;
		};
		404807BE1EA186D8008A6D50 /* Sources */ = {
			isa = PBXSourcesBuildPhase;
			buildActionMask = 2147483647;
			files = (
				40031E5E1EFC5CA1009EAB33 /* MMEUniqueIdentifierFake.m in Sources */,
				ACB6F21E1F7BF71B0032A916 /* MMELocationManagerTests.mm in Sources */,
				40AE58471EA6C9F10046B437 /* MMEUIApplicationWrapperFake.m in Sources */,
				403834FF1F7AC55D004205B9 /* MMENSDateWrapperTests.mm in Sources */,
				40AE584B1EA80EA90046B437 /* MMETestStub.m in Sources */,
				40FB43801EFAFDCF00EC5BC0 /* MMETimerManagerTests.m in Sources */,
				4036EFBB1ED36F06009C40BA /* MMEAPIClientFake.m in Sources */,
				4002E6361F83155E0090D724 /* MMEEventsManagerTests.mm in Sources */,
				4052C4F31EFB4A740044E2FF /* MMETimerManagerFake.m in Sources */,
				40F16C7E1F01DF5700DF338D /* MMELocationManagerFake.m in Sources */,
				405172E51EB13C6D00F8CDA1 /* MMENSURLSessionWrapperFake.m in Sources */,
				40A7F9961F79A7CA002B931F /* MMEUniqueIdentifierTests.mm in Sources */,
				ACD86DA01F96A77700DD2A8D /* MMEAPIClientTests.mm in Sources */,
				403835061F7AF860004205B9 /* MMEDependencyManagerTests.mm in Sources */,
				40F16C861F02DB6300DF338D /* MMENSDateWrapperFake.m in Sources */,
			);
			runOnlyForDeploymentPostprocessing = 0;
		};
		4085964F1ED084C0003BD29D /* Sources */ = {
			isa = PBXSourcesBuildPhase;
			buildActionMask = 2147483647;
			files = (
				40C6118E1F18319000E30A6C /* TSKTrustKitConfig.m in Sources */,
				40C611751F18319000E30A6C /* TSKReportsRateLimiter.m in Sources */,
				40C611491F18319000E30A6C /* configuration_utils.m in Sources */,
				40C6116C1F18319000E30A6C /* reporting_utils.m in Sources */,
				409115371F16BCD200F4250B /* MMECategoryLoader.m in Sources */,
				40C6116F1F18319000E30A6C /* TSKBackgroundReporter.m in Sources */,
				40F16C831F02DA9F00DF338D /* MMENSDateWrapper.m in Sources */,
				40C611811F18319000E30A6C /* TrustKit.m in Sources */,
				408596601ED086DF003BD29D /* MMELocationManager.m in Sources */,
				408596641ED086EB003BD29D /* MMEUIApplicationWrapper.m in Sources */,
				4085965F1ED086DC003BD29D /* MMEEventsManager.m in Sources */,
				4085965C1ED086D3003BD29D /* MMEConstants.m in Sources */,
				4036EFC01ED38489009C40BA /* MMEEventLogger.m in Sources */,
				40FB43791EF9EA7800EC5BC0 /* MMEEventsConfiguration.m in Sources */,
				40C611721F18319000E30A6C /* TSKPinFailureReport.m in Sources */,
				4085965E1ED086D9003BD29D /* MMEEvent.m in Sources */,
				40C611621F18319000E30A6C /* parse_configuration.m in Sources */,
				40C6118A1F18319000E30A6C /* TSKPinningValidatorResult.m in Sources */,
				40F133551F200524007B4096 /* NSData+MMEGZIP.m in Sources */,
				40FB437E1EFAFAE900EC5BC0 /* MMETimerManager.m in Sources */,
				403835041F7AF150004205B9 /* MMEDependencyManager.m in Sources */,
				408596661ED086F1003BD29D /* MMEUniqueIdentifier.m in Sources */,
				40C611691F18319000E30A6C /* TSKSPKIHashCache.m in Sources */,
				40F16C981F04514100DF338D /* reachability.m in Sources */,
				4085965D1ED086D6003BD29D /* MMETypes.m in Sources */,
				40C611851F18319000E30A6C /* TSKPinningValidator.m in Sources */,
				40C611651F18319000E30A6C /* ssl_pin_verifier.m in Sources */,
				408596691ED086FA003BD29D /* MMENSURLSessionWrapper.m in Sources */,
				409115321F16AE6100F4250B /* MMETrustKitWrapper.m in Sources */,
				408596671ED086F4003BD29D /* MMECommonEventData.m in Sources */,
				408596631ED086E8003BD29D /* CLLocation+MMEMobileEvents.m in Sources */,
				40C611781F18319000E30A6C /* vendor_identifier.m in Sources */,
				408596611ED086E2003BD29D /* MMEAPIClient.m in Sources */,
			);
			runOnlyForDeploymentPostprocessing = 0;
		};
		4085966B1ED08FF7003BD29D /* Sources */ = {
			isa = PBXSourcesBuildPhase;
			buildActionMask = 2147483647;
			files = (
			);
			runOnlyForDeploymentPostprocessing = 0;
		};
/* End PBXSourcesBuildPhase section */

/* Begin PBXTargetDependency section */
		404807C51EA186D8008A6D50 /* PBXTargetDependency */ = {
			isa = PBXTargetDependency;
			target = 404807B81EA186D8008A6D50 /* MapboxMobileEvents */;
			targetProxy = 404807C41EA186D8008A6D50 /* PBXContainerItemProxy */;
		};
		408596801ED09173003BD29D /* PBXTargetDependency */ = {
			isa = PBXTargetDependency;
			target = 4085966E1ED08FF7003BD29D /* resources */;
			targetProxy = 4085967F1ED09173003BD29D /* PBXContainerItemProxy */;
		};
/* End PBXTargetDependency section */

/* Begin XCBuildConfiguration section */
		404807CB1EA186D8008A6D50 /* Debug */ = {
			isa = XCBuildConfiguration;
			buildSettings = {
				ALWAYS_SEARCH_USER_PATHS = NO;
				BITCODE_GENERATION_MODE = bitcode;
				CLANG_ANALYZER_NONNULL = YES;
				CLANG_ANALYZER_NUMBER_OBJECT_CONVERSION = YES_AGGRESSIVE;
				CLANG_CXX_LANGUAGE_STANDARD = "gnu++0x";
				CLANG_CXX_LIBRARY = "libc++";
				CLANG_ENABLE_MODULES = YES;
				CLANG_ENABLE_OBJC_ARC = YES;
				CLANG_WARN_BOOL_CONVERSION = YES;
				CLANG_WARN_CONSTANT_CONVERSION = YES;
				CLANG_WARN_DIRECT_OBJC_ISA_USAGE = YES_ERROR;
				CLANG_WARN_DOCUMENTATION_COMMENTS = YES;
				CLANG_WARN_EMPTY_BODY = YES;
				CLANG_WARN_ENUM_CONVERSION = YES;
				CLANG_WARN_INFINITE_RECURSION = YES;
				CLANG_WARN_INT_CONVERSION = YES;
				CLANG_WARN_OBJC_ROOT_CLASS = YES_ERROR;
				CLANG_WARN_SUSPICIOUS_MOVE = YES;
				CLANG_WARN_UNREACHABLE_CODE = YES;
				CLANG_WARN__DUPLICATE_METHOD_MATCH = YES;
				"CODE_SIGN_IDENTITY[sdk=iphoneos*]" = "iPhone Developer";
				COPY_PHASE_STRIP = NO;
				CURRENT_PROJECT_VERSION = 1;
				DEBUG_INFORMATION_FORMAT = dwarf;
				ENABLE_STRICT_OBJC_MSGSEND = YES;
				ENABLE_TESTABILITY = YES;
				GCC_C_LANGUAGE_STANDARD = gnu99;
				GCC_DYNAMIC_NO_PIC = NO;
				GCC_NO_COMMON_BLOCKS = YES;
				GCC_OPTIMIZATION_LEVEL = 0;
				GCC_PREPROCESSOR_DEFINITIONS = (
					"DEBUG=1",
					"$(inherited)",
				);
				GCC_WARN_64_TO_32_BIT_CONVERSION = YES;
				GCC_WARN_ABOUT_RETURN_TYPE = YES_ERROR;
				GCC_WARN_UNDECLARED_SELECTOR = YES;
				GCC_WARN_UNINITIALIZED_AUTOS = YES_AGGRESSIVE;
				GCC_WARN_UNUSED_FUNCTION = YES;
				GCC_WARN_UNUSED_VARIABLE = YES;
				IPHONEOS_DEPLOYMENT_TARGET = 8.0;
				MTL_ENABLE_DEBUG_INFO = YES;
				ONLY_ACTIVE_ARCH = YES;
				OTHER_CFLAGS = "";
				SDKROOT = iphoneos;
				TARGETED_DEVICE_FAMILY = "1,2";
				VERSIONING_SYSTEM = "apple-generic";
				VERSION_INFO_PREFIX = "";
			};
			name = Debug;
		};
		404807CC1EA186D8008A6D50 /* Release */ = {
			isa = XCBuildConfiguration;
			buildSettings = {
				ALWAYS_SEARCH_USER_PATHS = NO;
				BITCODE_GENERATION_MODE = bitcode;
				CLANG_ANALYZER_NONNULL = YES;
				CLANG_ANALYZER_NUMBER_OBJECT_CONVERSION = YES_AGGRESSIVE;
				CLANG_CXX_LANGUAGE_STANDARD = "gnu++0x";
				CLANG_CXX_LIBRARY = "libc++";
				CLANG_ENABLE_MODULES = YES;
				CLANG_ENABLE_OBJC_ARC = YES;
				CLANG_WARN_BOOL_CONVERSION = YES;
				CLANG_WARN_CONSTANT_CONVERSION = YES;
				CLANG_WARN_DIRECT_OBJC_ISA_USAGE = YES_ERROR;
				CLANG_WARN_DOCUMENTATION_COMMENTS = YES;
				CLANG_WARN_EMPTY_BODY = YES;
				CLANG_WARN_ENUM_CONVERSION = YES;
				CLANG_WARN_INFINITE_RECURSION = YES;
				CLANG_WARN_INT_CONVERSION = YES;
				CLANG_WARN_OBJC_ROOT_CLASS = YES_ERROR;
				CLANG_WARN_SUSPICIOUS_MOVE = YES;
				CLANG_WARN_UNREACHABLE_CODE = YES;
				CLANG_WARN__DUPLICATE_METHOD_MATCH = YES;
				"CODE_SIGN_IDENTITY[sdk=iphoneos*]" = "iPhone Developer";
				COPY_PHASE_STRIP = NO;
				CURRENT_PROJECT_VERSION = 1;
				DEBUG_INFORMATION_FORMAT = "dwarf-with-dsym";
				ENABLE_NS_ASSERTIONS = NO;
				ENABLE_STRICT_OBJC_MSGSEND = YES;
				GCC_C_LANGUAGE_STANDARD = gnu99;
				GCC_NO_COMMON_BLOCKS = YES;
				GCC_WARN_64_TO_32_BIT_CONVERSION = YES;
				GCC_WARN_ABOUT_RETURN_TYPE = YES_ERROR;
				GCC_WARN_UNDECLARED_SELECTOR = YES;
				GCC_WARN_UNINITIALIZED_AUTOS = YES_AGGRESSIVE;
				GCC_WARN_UNUSED_FUNCTION = YES;
				GCC_WARN_UNUSED_VARIABLE = YES;
				IPHONEOS_DEPLOYMENT_TARGET = 8.0;
				MTL_ENABLE_DEBUG_INFO = NO;
				OTHER_CFLAGS = "";
				SDKROOT = iphoneos;
				TARGETED_DEVICE_FAMILY = "1,2";
				VALIDATE_PRODUCT = YES;
				VERSIONING_SYSTEM = "apple-generic";
				VERSION_INFO_PREFIX = "";
			};
			name = Release;
		};
		404807CE1EA186D8008A6D50 /* Debug */ = {
			isa = XCBuildConfiguration;
			buildSettings = {
				CODE_SIGN_IDENTITY = "";
				DEFINES_MODULE = YES;
				DEVELOPMENT_TEAM = "";
				DYLIB_COMPATIBILITY_VERSION = 1;
				DYLIB_CURRENT_VERSION = 1;
				DYLIB_INSTALL_NAME_BASE = "@rpath";
				HEADER_SEARCH_PATHS = "$(SRCROOT)/vendor/TrustKit/TrustKit/**";
				INFOPLIST_FILE = MapboxMobileEvents/Info.plist;
				INSTALL_PATH = "$(LOCAL_LIBRARY_DIR)/Frameworks";
				IPHONEOS_DEPLOYMENT_TARGET = 8.0;
				LD_RUNPATH_SEARCH_PATHS = "$(inherited) @executable_path/Frameworks @loader_path/Frameworks";
				OTHER_LDFLAGS = "-lz";
				PRODUCT_BUNDLE_IDENTIFIER = com.mapbox.MapboxMobileEvents;
				PRODUCT_NAME = "$(TARGET_NAME)";
				PROVISIONING_PROFILE_SPECIFIER = "";
				SKIP_INSTALL = YES;
			};
			name = Debug;
		};
		404807CF1EA186D8008A6D50 /* Release */ = {
			isa = XCBuildConfiguration;
			buildSettings = {
				CODE_SIGN_IDENTITY = "";
				DEFINES_MODULE = YES;
				DEVELOPMENT_TEAM = "";
				DYLIB_COMPATIBILITY_VERSION = 1;
				DYLIB_CURRENT_VERSION = 1;
				DYLIB_INSTALL_NAME_BASE = "@rpath";
				HEADER_SEARCH_PATHS = "$(SRCROOT)/vendor/TrustKit/TrustKit/**";
				INFOPLIST_FILE = MapboxMobileEvents/Info.plist;
				INSTALL_PATH = "$(LOCAL_LIBRARY_DIR)/Frameworks";
				IPHONEOS_DEPLOYMENT_TARGET = 8.0;
				LD_RUNPATH_SEARCH_PATHS = "$(inherited) @executable_path/Frameworks @loader_path/Frameworks";
				OTHER_LDFLAGS = "-lz";
				PRODUCT_BUNDLE_IDENTIFIER = com.mapbox.MapboxMobileEvents;
				PRODUCT_NAME = "$(TARGET_NAME)";
				PROVISIONING_PROFILE_SPECIFIER = "";
				SKIP_INSTALL = YES;
			};
			name = Release;
		};
		404807D11EA186D8008A6D50 /* Debug */ = {
			isa = XCBuildConfiguration;
			buildSettings = {
				FRAMEWORK_SEARCH_PATHS = (
					"$(inherited)",
					"$(PROJECT_DIR)/Carthage/Build/iOS",
				);
				INFOPLIST_FILE = MapboxMobileEventsTests/Info.plist;
				LD_RUNPATH_SEARCH_PATHS = "$(inherited) @executable_path/Frameworks @loader_path/Frameworks";
				PRODUCT_BUNDLE_IDENTIFIER = com.mapbox.MapboxMobileMetricsTests;
				PRODUCT_NAME = "$(TARGET_NAME)";
			};
			name = Debug;
		};
		404807D21EA186D8008A6D50 /* Release */ = {
			isa = XCBuildConfiguration;
			buildSettings = {
				FRAMEWORK_SEARCH_PATHS = (
					"$(inherited)",
					"$(PROJECT_DIR)/Carthage/Build/iOS",
				);
				INFOPLIST_FILE = MapboxMobileEventsTests/Info.plist;
				LD_RUNPATH_SEARCH_PATHS = "$(inherited) @executable_path/Frameworks @loader_path/Frameworks";
				PRODUCT_BUNDLE_IDENTIFIER = com.mapbox.MapboxMobileMetricsTests;
				PRODUCT_NAME = "$(TARGET_NAME)";
			};
			name = Release;
		};
		408596591ED084C0003BD29D /* Debug */ = {
			isa = XCBuildConfiguration;
			buildSettings = {
				HEADER_SEARCH_PATHS = "$(SRCROOT)/vendor/TrustKit/TrustKit/**";
				IPHONEOS_DEPLOYMENT_TARGET = 8.0;
				OTHER_LDFLAGS = "";
				PRODUCT_NAME = "$(TARGET_NAME)";
				SKIP_INSTALL = YES;
			};
			name = Debug;
		};
		4085965A1ED084C0003BD29D /* Release */ = {
			isa = XCBuildConfiguration;
			buildSettings = {
				HEADER_SEARCH_PATHS = "$(SRCROOT)/vendor/TrustKit/TrustKit/**";
				IPHONEOS_DEPLOYMENT_TARGET = 8.0;
				OTHER_LDFLAGS = "";
				PRODUCT_NAME = "$(TARGET_NAME)";
				SKIP_INSTALL = YES;
			};
			name = Release;
		};
		408596731ED08FF7003BD29D /* Debug */ = {
			isa = XCBuildConfiguration;
			buildSettings = {
				BITCODE_GENERATION_MODE = "";
				COMBINE_HIDPI_IMAGES = YES;
				INFOPLIST_FILE = resources/Info.plist;
				INSTALL_PATH = "$(LOCAL_LIBRARY_DIR)/Bundles";
				PRODUCT_BUNDLE_IDENTIFIER = mapbox.com.resources;
				PRODUCT_NAME = "$(TARGET_NAME)";
				SKIP_INSTALL = YES;
				VERSIONING_SYSTEM = "";
				WRAPPER_EXTENSION = bundle;
			};
			name = Debug;
		};
		408596741ED08FF7003BD29D /* Release */ = {
			isa = XCBuildConfiguration;
			buildSettings = {
				BITCODE_GENERATION_MODE = "";
				COMBINE_HIDPI_IMAGES = YES;
				INFOPLIST_FILE = resources/Info.plist;
				INSTALL_PATH = "$(LOCAL_LIBRARY_DIR)/Bundles";
				PRODUCT_BUNDLE_IDENTIFIER = mapbox.com.resources;
				PRODUCT_NAME = "$(TARGET_NAME)";
				SKIP_INSTALL = YES;
				VERSIONING_SYSTEM = "";
				WRAPPER_EXTENSION = bundle;
			};
			name = Release;
		};
/* End XCBuildConfiguration section */

/* Begin XCConfigurationList section */
		404807B31EA186D8008A6D50 /* Build configuration list for PBXProject "MapboxMobileEvents" */ = {
			isa = XCConfigurationList;
			buildConfigurations = (
				404807CB1EA186D8008A6D50 /* Debug */,
				404807CC1EA186D8008A6D50 /* Release */,
			);
			defaultConfigurationIsVisible = 0;
			defaultConfigurationName = Release;
		};
		404807CD1EA186D8008A6D50 /* Build configuration list for PBXNativeTarget "MapboxMobileEvents" */ = {
			isa = XCConfigurationList;
			buildConfigurations = (
				404807CE1EA186D8008A6D50 /* Debug */,
				404807CF1EA186D8008A6D50 /* Release */,
			);
			defaultConfigurationIsVisible = 0;
			defaultConfigurationName = Release;
		};
		404807D01EA186D8008A6D50 /* Build configuration list for PBXNativeTarget "MapboxMobileEventsTests" */ = {
			isa = XCConfigurationList;
			buildConfigurations = (
				404807D11EA186D8008A6D50 /* Debug */,
				404807D21EA186D8008A6D50 /* Release */,
			);
			defaultConfigurationIsVisible = 0;
			defaultConfigurationName = Release;
		};
		4085965B1ED084C0003BD29D /* Build configuration list for PBXNativeTarget "MapboxMobileEventsStatic" */ = {
			isa = XCConfigurationList;
			buildConfigurations = (
				408596591ED084C0003BD29D /* Debug */,
				4085965A1ED084C0003BD29D /* Release */,
			);
			defaultConfigurationIsVisible = 0;
			defaultConfigurationName = Release;
		};
		408596721ED08FF7003BD29D /* Build configuration list for PBXNativeTarget "resources" */ = {
			isa = XCConfigurationList;
			buildConfigurations = (
				408596731ED08FF7003BD29D /* Debug */,
				408596741ED08FF7003BD29D /* Release */,
			);
			defaultConfigurationIsVisible = 0;
			defaultConfigurationName = Release;
		};
/* End XCConfigurationList section */
	};
	rootObject = 404807B01EA186D8008A6D50 /* Project object */;
}
